
Microsoft Visual Studio Solution File, Format Version 12.00
# Visual Studio Version 17
VisualStudioVersion = 17.3.32929.385
MinimumVisualStudioVersion = 10.0.40219.1
Project("{9A19103F-16F7-4668-BE54-9A1E7A4F7556}") = "Common", "Common\Common.csproj", "{EE6E9821-5CCC-4D60-97EF-15764610CBCE}"
EndProject
Project("{FAE04EC0-301F-11D3-BF4B-00C04F79EFBC}") = "ReportingX", "Reporting\ReportingX.csproj", "{A65EFF1D-C0A4-48BF-BF9C-ADF8D6179C0F}"
EndProject
Project("{FAE04EC0-301F-11D3-BF4B-00C04F79EFBC}") = "Renci.SshNet", "Renci.SshNet\Renci.SshNet.csproj", "{2F5F8C90-0BD1-424F-997C-7BC6280919D1}"
EndProject
Project("{FAE04EC0-301F-11D3-BF4B-00C04F79EFBC}") = "LVS", "LVS\LVS.csproj", "{B1AF4608-B83C-4664-8A3C-FB6EA3DB10DD}"
EndProject
Project("{9A19103F-16F7-4668-BE54-9A1E7A4F7556}") = "LvsScan.Portable", "LvsScan\Portable\LvsScan.Portable.csproj", "{99C42209-7D72-463C-90DB-3861A795C2B7}"
EndProject
Project("{FAE04EC0-301F-11D3-BF4B-00C04F79EFBC}") = "LvsScan.Android", "LvsScan\Android\LvsScan.Android.csproj", "{077A162F-446C-4405-A5BE-ECAA6A8681DD}"
EndProject
Project("{FAE04EC0-301F-11D3-BF4B-00C04F79EFBC}") = "Sped4", "Sped4\Sped4.csproj", "{E0A33E87-C8F0-46C0-AACB-9D7CF7DE058E}"
EndProject
Project("{FAE04EC0-301F-11D3-BF4B-00C04F79EFBC}") = "Communicator", "Communicator\Communicator.csproj", "{03F98964-78B3-4CFD-8D18-DB1A59ABB7A3}"
EndProject
Project("{9A19103F-16F7-4668-BE54-9A1E7A4F7556}") = "LvsMobileAPI", "LvsMobileAPI\LvsMobileAPI.csproj", "{8B0D3D79-2C66-4EBD-ADA4-37432F97DE3C}"
EndProject
Project("{FAE04EC0-301F-11D3-BF4B-00C04F79EFBC}") = "WatchDogService", "WatchDogService\WatchDogService.csproj", "{F0775859-BCF4-4485-A897-A6F89921DDDF}"
EndProject
Project("{FAE04EC0-301F-11D3-BF4B-00C04F79EFBC}") = "WatchDog", "WatchDog\WatchDog.csproj", "{336F5727-8752-42CE-A7AB-EA466331EABE}"
EndProject
Project("{FAE04EC0-301F-11D3-BF4B-00C04F79EFBC}") = "Import", "Import\Import.csproj", "{61061A78-D5A9-4716-961D-9B2E31DA3DA0}"
EndProject
Project("{FAE04EC0-301F-11D3-BF4B-00C04F79EFBC}") = "LvsPrintService", "LvsPrintService\LvsPrintService.csproj", "{182E2448-EDE0-4803-AE5E-B4B00C239EED}"
EndProject
Project("{E24C65DC-7377-472B-9ABA-BC803B73C61A}") = "LvsCall", "LvsCall\", "{31299CCD-13BB-42A4-9D9E-53DD2314C4E4}"
	ProjectSection(WebsiteProperties) = preProject
		TargetFrameworkMoniker = ".NETFramework,Version%3Dv4.7.2"
		Debug.AspNetCompiler.VirtualPath = "/localhost_57076"
		Debug.AspNetCompiler.PhysicalPath = "LvsCall\"
		Debug.AspNetCompiler.TargetPath = "PrecompiledWeb\localhost_57076\"
		Debug.AspNetCompiler.Updateable = "true"
		Debug.AspNetCompiler.ForceOverwrite = "true"
		Debug.AspNetCompiler.FixedNames = "false"
		Debug.AspNetCompiler.Debug = "True"
		Release.AspNetCompiler.VirtualPath = "/localhost_57076"
		Release.AspNetCompiler.PhysicalPath = "LvsCall\"
		Release.AspNetCompiler.TargetPath = "PrecompiledWeb\localhost_57076\"
		Release.AspNetCompiler.Updateable = "true"
		Release.AspNetCompiler.ForceOverwrite = "true"
		Release.AspNetCompiler.FixedNames = "false"
		Release.AspNetCompiler.Debug = "False"
		VWDPort = "57076"
		SlnRelativePath = "LvsCall\"
	EndProjectSection
EndProject
Project("{FAE04EC0-301F-11D3-BF4B-00C04F79EFBC}") = "CustomizedUpdates", "CustomizedUpdates\CustomizedUpdates.csproj", "{DAFF69C1-5288-44DA-8680-E33FB599E56A}"
EndProject
Global
	GlobalSection(SolutionConfigurationPlatforms) = preSolution
		Ad-Hoc|Any CPU = Ad-Hoc|Any CPU
		Ad-Hoc|ARM = Ad-Hoc|ARM
		Ad-Hoc|iPhone = Ad-Hoc|iPhone
		Ad-Hoc|iPhoneSimulator = Ad-Hoc|iPhoneSimulator
		Ad-Hoc|x64 = Ad-Hoc|x64
		Ad-Hoc|x86 = Ad-Hoc|x86
		AppStore|Any CPU = AppStore|Any CPU
		AppStore|ARM = AppStore|ARM
		AppStore|iPhone = AppStore|iPhone
		AppStore|iPhoneSimulator = AppStore|iPhoneSimulator
		AppStore|x64 = AppStore|x64
		AppStore|x86 = AppStore|x86
		Debug|Any CPU = Debug|Any CPU
		Debug|ARM = Debug|ARM
		Debug|iPhone = Debug|iPhone
		Debug|iPhoneSimulator = Debug|iPhoneSimulator
		Debug|x64 = Debug|x64
		Debug|x86 = Debug|x86
		Release|Any CPU = Release|Any CPU
		Release|ARM = Release|ARM
		Release|iPhone = Release|iPhone
		Release|iPhoneSimulator = Release|iPhoneSimulator
		Release|x64 = Release|x64
		Release|x86 = Release|x86
	EndGlobalSection
	GlobalSection(ProjectConfigurationPlatforms) = postSolution
		{EE6E9821-5CCC-4D60-97EF-15764610CBCE}.Ad-Hoc|Any CPU.ActiveCfg = Debug|Any CPU
		{EE6E9821-5CCC-4D60-97EF-15764610CBCE}.Ad-Hoc|Any CPU.Build.0 = Debug|Any CPU
		{EE6E9821-5CCC-4D60-97EF-15764610CBCE}.Ad-Hoc|ARM.ActiveCfg = Debug|Any CPU
		{EE6E9821-5CCC-4D60-97EF-15764610CBCE}.Ad-Hoc|ARM.Build.0 = Debug|Any CPU
		{EE6E9821-5CCC-4D60-97EF-15764610CBCE}.Ad-Hoc|iPhone.ActiveCfg = Debug|Any CPU
		{EE6E9821-5CCC-4D60-97EF-15764610CBCE}.Ad-Hoc|iPhone.Build.0 = Debug|Any CPU
		{EE6E9821-5CCC-4D60-97EF-15764610CBCE}.Ad-Hoc|iPhoneSimulator.ActiveCfg = Debug|Any CPU
		{EE6E9821-5CCC-4D60-97EF-15764610CBCE}.Ad-Hoc|iPhoneSimulator.Build.0 = Debug|Any CPU
		{EE6E9821-5CCC-4D60-97EF-15764610CBCE}.Ad-Hoc|x64.ActiveCfg = Debug|Any CPU
		{EE6E9821-5CCC-4D60-97EF-15764610CBCE}.Ad-Hoc|x64.Build.0 = Debug|Any CPU
		{EE6E9821-5CCC-4D60-97EF-15764610CBCE}.Ad-Hoc|x86.ActiveCfg = Debug|Any CPU
		{EE6E9821-5CCC-4D60-97EF-15764610CBCE}.Ad-Hoc|x86.Build.0 = Debug|Any CPU
		{EE6E9821-5CCC-4D60-97EF-15764610CBCE}.AppStore|Any CPU.ActiveCfg = Debug|Any CPU
		{EE6E9821-5CCC-4D60-97EF-15764610CBCE}.AppStore|Any CPU.Build.0 = Debug|Any CPU
		{EE6E9821-5CCC-4D60-97EF-15764610CBCE}.AppStore|ARM.ActiveCfg = Debug|Any CPU
		{EE6E9821-5CCC-4D60-97EF-15764610CBCE}.AppStore|ARM.Build.0 = Debug|Any CPU
		{EE6E9821-5CCC-4D60-97EF-15764610CBCE}.AppStore|iPhone.ActiveCfg = Debug|Any CPU
		{EE6E9821-5CCC-4D60-97EF-15764610CBCE}.AppStore|iPhone.Build.0 = Debug|Any CPU
		{EE6E9821-5CCC-4D60-97EF-15764610CBCE}.AppStore|iPhoneSimulator.ActiveCfg = Debug|Any CPU
		{EE6E9821-5CCC-4D60-97EF-15764610CBCE}.AppStore|iPhoneSimulator.Build.0 = Debug|Any CPU
		{EE6E9821-5CCC-4D60-97EF-15764610CBCE}.AppStore|x64.ActiveCfg = Debug|Any CPU
		{EE6E9821-5CCC-4D60-97EF-15764610CBCE}.AppStore|x64.Build.0 = Debug|Any CPU
		{EE6E9821-5CCC-4D60-97EF-15764610CBCE}.AppStore|x86.ActiveCfg = Debug|Any CPU
		{EE6E9821-5CCC-4D60-97EF-15764610CBCE}.AppStore|x86.Build.0 = Debug|Any CPU
		{EE6E9821-5CCC-4D60-97EF-15764610CBCE}.Debug|Any CPU.ActiveCfg = Debug|Any CPU
		{EE6E9821-5CCC-4D60-97EF-15764610CBCE}.Debug|Any CPU.Build.0 = Debug|Any CPU
		{EE6E9821-5CCC-4D60-97EF-15764610CBCE}.Debug|ARM.ActiveCfg = Debug|Any CPU
		{EE6E9821-5CCC-4D60-97EF-15764610CBCE}.Debug|ARM.Build.0 = Debug|Any CPU
		{EE6E9821-5CCC-4D60-97EF-15764610CBCE}.Debug|iPhone.ActiveCfg = Debug|Any CPU
		{EE6E9821-5CCC-4D60-97EF-15764610CBCE}.Debug|iPhone.Build.0 = Debug|Any CPU
		{EE6E9821-5CCC-4D60-97EF-15764610CBCE}.Debug|iPhoneSimulator.ActiveCfg = Debug|Any CPU
		{EE6E9821-5CCC-4D60-97EF-15764610CBCE}.Debug|iPhoneSimulator.Build.0 = Debug|Any CPU
		{EE6E9821-5CCC-4D60-97EF-15764610CBCE}.Debug|x64.ActiveCfg = Debug|Any CPU
		{EE6E9821-5CCC-4D60-97EF-15764610CBCE}.Debug|x64.Build.0 = Debug|Any CPU
		{EE6E9821-5CCC-4D60-97EF-15764610CBCE}.Debug|x86.ActiveCfg = Debug|Any CPU
		{EE6E9821-5CCC-4D60-97EF-15764610CBCE}.Debug|x86.Build.0 = Debug|Any CPU
		{EE6E9821-5CCC-4D60-97EF-15764610CBCE}.Release|Any CPU.ActiveCfg = Release|Any CPU
		{EE6E9821-5CCC-4D60-97EF-15764610CBCE}.Release|Any CPU.Build.0 = Release|Any CPU
		{EE6E9821-5CCC-4D60-97EF-15764610CBCE}.Release|ARM.ActiveCfg = Release|Any CPU
		{EE6E9821-5CCC-4D60-97EF-15764610CBCE}.Release|ARM.Build.0 = Release|Any CPU
		{EE6E9821-5CCC-4D60-97EF-15764610CBCE}.Release|iPhone.ActiveCfg = Release|Any CPU
		{EE6E9821-5CCC-4D60-97EF-15764610CBCE}.Release|iPhone.Build.0 = Release|Any CPU
		{EE6E9821-5CCC-4D60-97EF-15764610CBCE}.Release|iPhoneSimulator.ActiveCfg = Release|Any CPU
		{EE6E9821-5CCC-4D60-97EF-15764610CBCE}.Release|iPhoneSimulator.Build.0 = Release|Any CPU
		{EE6E9821-5CCC-4D60-97EF-15764610CBCE}.Release|x64.ActiveCfg = Release|Any CPU
		{EE6E9821-5CCC-4D60-97EF-15764610CBCE}.Release|x64.Build.0 = Release|Any CPU
		{EE6E9821-5CCC-4D60-97EF-15764610CBCE}.Release|x86.ActiveCfg = Release|Any CPU
		{EE6E9821-5CCC-4D60-97EF-15764610CBCE}.Release|x86.Build.0 = Release|Any CPU
		{A65EFF1D-C0A4-48BF-BF9C-ADF8D6179C0F}.Ad-Hoc|Any CPU.ActiveCfg = Debug|Any CPU
		{A65EFF1D-C0A4-48BF-BF9C-ADF8D6179C0F}.Ad-Hoc|Any CPU.Build.0 = Debug|Any CPU
		{A65EFF1D-C0A4-48BF-BF9C-ADF8D6179C0F}.Ad-Hoc|ARM.ActiveCfg = Debug|Any CPU
		{A65EFF1D-C0A4-48BF-BF9C-ADF8D6179C0F}.Ad-Hoc|ARM.Build.0 = Debug|Any CPU
		{A65EFF1D-C0A4-48BF-BF9C-ADF8D6179C0F}.Ad-Hoc|iPhone.ActiveCfg = Debug|Any CPU
		{A65EFF1D-C0A4-48BF-BF9C-ADF8D6179C0F}.Ad-Hoc|iPhone.Build.0 = Debug|Any CPU
		{A65EFF1D-C0A4-48BF-BF9C-ADF8D6179C0F}.Ad-Hoc|iPhoneSimulator.ActiveCfg = Debug|Any CPU
		{A65EFF1D-C0A4-48BF-BF9C-ADF8D6179C0F}.Ad-Hoc|iPhoneSimulator.Build.0 = Debug|Any CPU
		{A65EFF1D-C0A4-48BF-BF9C-ADF8D6179C0F}.Ad-Hoc|x64.ActiveCfg = Debug|Any CPU
		{A65EFF1D-C0A4-48BF-BF9C-ADF8D6179C0F}.Ad-Hoc|x64.Build.0 = Debug|Any CPU
		{A65EFF1D-C0A4-48BF-BF9C-ADF8D6179C0F}.Ad-Hoc|x86.ActiveCfg = Debug|Any CPU
		{A65EFF1D-C0A4-48BF-BF9C-ADF8D6179C0F}.Ad-Hoc|x86.Build.0 = Debug|Any CPU
		{A65EFF1D-C0A4-48BF-BF9C-ADF8D6179C0F}.AppStore|Any CPU.ActiveCfg = Debug|Any CPU
		{A65EFF1D-C0A4-48BF-BF9C-ADF8D6179C0F}.AppStore|Any CPU.Build.0 = Debug|Any CPU
		{A65EFF1D-C0A4-48BF-BF9C-ADF8D6179C0F}.AppStore|ARM.ActiveCfg = Debug|Any CPU
		{A65EFF1D-C0A4-48BF-BF9C-ADF8D6179C0F}.AppStore|ARM.Build.0 = Debug|Any CPU
		{A65EFF1D-C0A4-48BF-BF9C-ADF8D6179C0F}.AppStore|iPhone.ActiveCfg = Debug|Any CPU
		{A65EFF1D-C0A4-48BF-BF9C-ADF8D6179C0F}.AppStore|iPhone.Build.0 = Debug|Any CPU
		{A65EFF1D-C0A4-48BF-BF9C-ADF8D6179C0F}.AppStore|iPhoneSimulator.ActiveCfg = Debug|Any CPU
		{A65EFF1D-C0A4-48BF-BF9C-ADF8D6179C0F}.AppStore|iPhoneSimulator.Build.0 = Debug|Any CPU
		{A65EFF1D-C0A4-48BF-BF9C-ADF8D6179C0F}.AppStore|x64.ActiveCfg = Debug|Any CPU
		{A65EFF1D-C0A4-48BF-BF9C-ADF8D6179C0F}.AppStore|x64.Build.0 = Debug|Any CPU
		{A65EFF1D-C0A4-48BF-BF9C-ADF8D6179C0F}.AppStore|x86.ActiveCfg = Debug|Any CPU
		{A65EFF1D-C0A4-48BF-BF9C-ADF8D6179C0F}.AppStore|x86.Build.0 = Debug|Any CPU
		{A65EFF1D-C0A4-48BF-BF9C-ADF8D6179C0F}.Debug|Any CPU.ActiveCfg = Debug|Any CPU
		{A65EFF1D-C0A4-48BF-BF9C-ADF8D6179C0F}.Debug|Any CPU.Build.0 = Debug|Any CPU
		{A65EFF1D-C0A4-48BF-BF9C-ADF8D6179C0F}.Debug|ARM.ActiveCfg = Debug|Any CPU
		{A65EFF1D-C0A4-48BF-BF9C-ADF8D6179C0F}.Debug|ARM.Build.0 = Debug|Any CPU
		{A65EFF1D-C0A4-48BF-BF9C-ADF8D6179C0F}.Debug|iPhone.ActiveCfg = Debug|Any CPU
		{A65EFF1D-C0A4-48BF-BF9C-ADF8D6179C0F}.Debug|iPhone.Build.0 = Debug|Any CPU
		{A65EFF1D-C0A4-48BF-BF9C-ADF8D6179C0F}.Debug|iPhoneSimulator.ActiveCfg = Debug|Any CPU
		{A65EFF1D-C0A4-48BF-BF9C-ADF8D6179C0F}.Debug|iPhoneSimulator.Build.0 = Debug|Any CPU
		{A65EFF1D-C0A4-48BF-BF9C-ADF8D6179C0F}.Debug|x64.ActiveCfg = Debug|Any CPU
		{A65EFF1D-C0A4-48BF-BF9C-ADF8D6179C0F}.Debug|x64.Build.0 = Debug|Any CPU
		{A65EFF1D-C0A4-48BF-BF9C-ADF8D6179C0F}.Debug|x86.ActiveCfg = Debug|Any CPU
		{A65EFF1D-C0A4-48BF-BF9C-ADF8D6179C0F}.Debug|x86.Build.0 = Debug|Any CPU
		{A65EFF1D-C0A4-48BF-BF9C-ADF8D6179C0F}.Release|Any CPU.ActiveCfg = Release|Any CPU
		{A65EFF1D-C0A4-48BF-BF9C-ADF8D6179C0F}.Release|Any CPU.Build.0 = Release|Any CPU
		{A65EFF1D-C0A4-48BF-BF9C-ADF8D6179C0F}.Release|ARM.ActiveCfg = Release|Any CPU
		{A65EFF1D-C0A4-48BF-BF9C-ADF8D6179C0F}.Release|ARM.Build.0 = Release|Any CPU
		{A65EFF1D-C0A4-48BF-BF9C-ADF8D6179C0F}.Release|iPhone.ActiveCfg = Release|Any CPU
		{A65EFF1D-C0A4-48BF-BF9C-ADF8D6179C0F}.Release|iPhone.Build.0 = Release|Any CPU
		{A65EFF1D-C0A4-48BF-BF9C-ADF8D6179C0F}.Release|iPhoneSimulator.ActiveCfg = Release|Any CPU
		{A65EFF1D-C0A4-48BF-BF9C-ADF8D6179C0F}.Release|iPhoneSimulator.Build.0 = Release|Any CPU
		{A65EFF1D-C0A4-48BF-BF9C-ADF8D6179C0F}.Release|x64.ActiveCfg = Release|Any CPU
		{A65EFF1D-C0A4-48BF-BF9C-ADF8D6179C0F}.Release|x64.Build.0 = Release|Any CPU
		{A65EFF1D-C0A4-48BF-BF9C-ADF8D6179C0F}.Release|x86.ActiveCfg = Release|Any CPU
		{A65EFF1D-C0A4-48BF-BF9C-ADF8D6179C0F}.Release|x86.Build.0 = Release|Any CPU
		{2F5F8C90-0BD1-424F-997C-7BC6280919D1}.Ad-Hoc|Any CPU.ActiveCfg = Debug|Any CPU
		{2F5F8C90-0BD1-424F-997C-7BC6280919D1}.Ad-Hoc|Any CPU.Build.0 = Debug|Any CPU
		{2F5F8C90-0BD1-424F-997C-7BC6280919D1}.Ad-Hoc|ARM.ActiveCfg = Debug|Any CPU
		{2F5F8C90-0BD1-424F-997C-7BC6280919D1}.Ad-Hoc|ARM.Build.0 = Debug|Any CPU
		{2F5F8C90-0BD1-424F-997C-7BC6280919D1}.Ad-Hoc|iPhone.ActiveCfg = Debug|Any CPU
		{2F5F8C90-0BD1-424F-997C-7BC6280919D1}.Ad-Hoc|iPhone.Build.0 = Debug|Any CPU
		{2F5F8C90-0BD1-424F-997C-7BC6280919D1}.Ad-Hoc|iPhoneSimulator.ActiveCfg = Debug|Any CPU
		{2F5F8C90-0BD1-424F-997C-7BC6280919D1}.Ad-Hoc|iPhoneSimulator.Build.0 = Debug|Any CPU
		{2F5F8C90-0BD1-424F-997C-7BC6280919D1}.Ad-Hoc|x64.ActiveCfg = Debug|Any CPU
		{2F5F8C90-0BD1-424F-997C-7BC6280919D1}.Ad-Hoc|x64.Build.0 = Debug|Any CPU
		{2F5F8C90-0BD1-424F-997C-7BC6280919D1}.Ad-Hoc|x86.ActiveCfg = Debug|Any CPU
		{2F5F8C90-0BD1-424F-997C-7BC6280919D1}.Ad-Hoc|x86.Build.0 = Debug|Any CPU
		{2F5F8C90-0BD1-424F-997C-7BC6280919D1}.AppStore|Any CPU.ActiveCfg = Debug|Any CPU
		{2F5F8C90-0BD1-424F-997C-7BC6280919D1}.AppStore|Any CPU.Build.0 = Debug|Any CPU
		{2F5F8C90-0BD1-424F-997C-7BC6280919D1}.AppStore|ARM.ActiveCfg = Debug|Any CPU
		{2F5F8C90-0BD1-424F-997C-7BC6280919D1}.AppStore|ARM.Build.0 = Debug|Any CPU
		{2F5F8C90-0BD1-424F-997C-7BC6280919D1}.AppStore|iPhone.ActiveCfg = Debug|Any CPU
		{2F5F8C90-0BD1-424F-997C-7BC6280919D1}.AppStore|iPhone.Build.0 = Debug|Any CPU
		{2F5F8C90-0BD1-424F-997C-7BC6280919D1}.AppStore|iPhoneSimulator.ActiveCfg = Debug|Any CPU
		{2F5F8C90-0BD1-424F-997C-7BC6280919D1}.AppStore|iPhoneSimulator.Build.0 = Debug|Any CPU
		{2F5F8C90-0BD1-424F-997C-7BC6280919D1}.AppStore|x64.ActiveCfg = Debug|Any CPU
		{2F5F8C90-0BD1-424F-997C-7BC6280919D1}.AppStore|x64.Build.0 = Debug|Any CPU
		{2F5F8C90-0BD1-424F-997C-7BC6280919D1}.AppStore|x86.ActiveCfg = Debug|Any CPU
		{2F5F8C90-0BD1-424F-997C-7BC6280919D1}.AppStore|x86.Build.0 = Debug|Any CPU
		{2F5F8C90-0BD1-424F-997C-7BC6280919D1}.Debug|Any CPU.ActiveCfg = Debug|Any CPU
		{2F5F8C90-0BD1-424F-997C-7BC6280919D1}.Debug|Any CPU.Build.0 = Debug|Any CPU
		{2F5F8C90-0BD1-424F-997C-7BC6280919D1}.Debug|ARM.ActiveCfg = Debug|Any CPU
		{2F5F8C90-0BD1-424F-997C-7BC6280919D1}.Debug|ARM.Build.0 = Debug|Any CPU
		{2F5F8C90-0BD1-424F-997C-7BC6280919D1}.Debug|iPhone.ActiveCfg = Debug|Any CPU
		{2F5F8C90-0BD1-424F-997C-7BC6280919D1}.Debug|iPhone.Build.0 = Debug|Any CPU
		{2F5F8C90-0BD1-424F-997C-7BC6280919D1}.Debug|iPhoneSimulator.ActiveCfg = Debug|Any CPU
		{2F5F8C90-0BD1-424F-997C-7BC6280919D1}.Debug|iPhoneSimulator.Build.0 = Debug|Any CPU
		{2F5F8C90-0BD1-424F-997C-7BC6280919D1}.Debug|x64.ActiveCfg = Debug|Any CPU
		{2F5F8C90-0BD1-424F-997C-7BC6280919D1}.Debug|x64.Build.0 = Debug|Any CPU
		{2F5F8C90-0BD1-424F-997C-7BC6280919D1}.Debug|x86.ActiveCfg = Debug|Any CPU
		{2F5F8C90-0BD1-424F-997C-7BC6280919D1}.Debug|x86.Build.0 = Debug|Any CPU
		{2F5F8C90-0BD1-424F-997C-7BC6280919D1}.Release|Any CPU.ActiveCfg = Release|Any CPU
		{2F5F8C90-0BD1-424F-997C-7BC6280919D1}.Release|Any CPU.Build.0 = Release|Any CPU
		{2F5F8C90-0BD1-424F-997C-7BC6280919D1}.Release|ARM.ActiveCfg = Release|Any CPU
		{2F5F8C90-0BD1-424F-997C-7BC6280919D1}.Release|ARM.Build.0 = Release|Any CPU
		{2F5F8C90-0BD1-424F-997C-7BC6280919D1}.Release|iPhone.ActiveCfg = Release|Any CPU
		{2F5F8C90-0BD1-424F-997C-7BC6280919D1}.Release|iPhone.Build.0 = Release|Any CPU
		{2F5F8C90-0BD1-424F-997C-7BC6280919D1}.Release|iPhoneSimulator.ActiveCfg = Release|Any CPU
		{2F5F8C90-0BD1-424F-997C-7BC6280919D1}.Release|iPhoneSimulator.Build.0 = Release|Any CPU
		{2F5F8C90-0BD1-424F-997C-7BC6280919D1}.Release|x64.ActiveCfg = Release|Any CPU
		{2F5F8C90-0BD1-424F-997C-7BC6280919D1}.Release|x64.Build.0 = Release|Any CPU
		{2F5F8C90-0BD1-424F-997C-7BC6280919D1}.Release|x86.ActiveCfg = Release|Any CPU
		{2F5F8C90-0BD1-424F-997C-7BC6280919D1}.Release|x86.Build.0 = Release|Any CPU
		{B1AF4608-B83C-4664-8A3C-FB6EA3DB10DD}.Ad-Hoc|Any CPU.ActiveCfg = Debug|Any CPU
		{B1AF4608-B83C-4664-8A3C-FB6EA3DB10DD}.Ad-Hoc|Any CPU.Build.0 = Debug|Any CPU
		{B1AF4608-B83C-4664-8A3C-FB6EA3DB10DD}.Ad-Hoc|ARM.ActiveCfg = Debug|Any CPU
		{B1AF4608-B83C-4664-8A3C-FB6EA3DB10DD}.Ad-Hoc|ARM.Build.0 = Debug|Any CPU
		{B1AF4608-B83C-4664-8A3C-FB6EA3DB10DD}.Ad-Hoc|iPhone.ActiveCfg = Debug|Any CPU
		{B1AF4608-B83C-4664-8A3C-FB6EA3DB10DD}.Ad-Hoc|iPhone.Build.0 = Debug|Any CPU
		{B1AF4608-B83C-4664-8A3C-FB6EA3DB10DD}.Ad-Hoc|iPhoneSimulator.ActiveCfg = Debug|Any CPU
		{B1AF4608-B83C-4664-8A3C-FB6EA3DB10DD}.Ad-Hoc|iPhoneSimulator.Build.0 = Debug|Any CPU
		{B1AF4608-B83C-4664-8A3C-FB6EA3DB10DD}.Ad-Hoc|x64.ActiveCfg = Debug|Any CPU
		{B1AF4608-B83C-4664-8A3C-FB6EA3DB10DD}.Ad-Hoc|x64.Build.0 = Debug|Any CPU
		{B1AF4608-B83C-4664-8A3C-FB6EA3DB10DD}.Ad-Hoc|x86.ActiveCfg = Debug|Any CPU
		{B1AF4608-B83C-4664-8A3C-FB6EA3DB10DD}.Ad-Hoc|x86.Build.0 = Debug|Any CPU
		{B1AF4608-B83C-4664-8A3C-FB6EA3DB10DD}.AppStore|Any CPU.ActiveCfg = Debug|Any CPU
		{B1AF4608-B83C-4664-8A3C-FB6EA3DB10DD}.AppStore|Any CPU.Build.0 = Debug|Any CPU
		{B1AF4608-B83C-4664-8A3C-FB6EA3DB10DD}.AppStore|ARM.ActiveCfg = Debug|Any CPU
		{B1AF4608-B83C-4664-8A3C-FB6EA3DB10DD}.AppStore|ARM.Build.0 = Debug|Any CPU
		{B1AF4608-B83C-4664-8A3C-FB6EA3DB10DD}.AppStore|iPhone.ActiveCfg = Debug|Any CPU
		{B1AF4608-B83C-4664-8A3C-FB6EA3DB10DD}.AppStore|iPhone.Build.0 = Debug|Any CPU
		{B1AF4608-B83C-4664-8A3C-FB6EA3DB10DD}.AppStore|iPhoneSimulator.ActiveCfg = Debug|Any CPU
		{B1AF4608-B83C-4664-8A3C-FB6EA3DB10DD}.AppStore|iPhoneSimulator.Build.0 = Debug|Any CPU
		{B1AF4608-B83C-4664-8A3C-FB6EA3DB10DD}.AppStore|x64.ActiveCfg = Debug|Any CPU
		{B1AF4608-B83C-4664-8A3C-FB6EA3DB10DD}.AppStore|x64.Build.0 = Debug|Any CPU
		{B1AF4608-B83C-4664-8A3C-FB6EA3DB10DD}.AppStore|x86.ActiveCfg = Debug|Any CPU
		{B1AF4608-B83C-4664-8A3C-FB6EA3DB10DD}.AppStore|x86.Build.0 = Debug|Any CPU
		{B1AF4608-B83C-4664-8A3C-FB6EA3DB10DD}.Debug|Any CPU.ActiveCfg = Debug|Any CPU
		{B1AF4608-B83C-4664-8A3C-FB6EA3DB10DD}.Debug|Any CPU.Build.0 = Debug|Any CPU
		{B1AF4608-B83C-4664-8A3C-FB6EA3DB10DD}.Debug|ARM.ActiveCfg = Debug|Any CPU
		{B1AF4608-B83C-4664-8A3C-FB6EA3DB10DD}.Debug|ARM.Build.0 = Debug|Any CPU
		{B1AF4608-B83C-4664-8A3C-FB6EA3DB10DD}.Debug|iPhone.ActiveCfg = Debug|Any CPU
		{B1AF4608-B83C-4664-8A3C-FB6EA3DB10DD}.Debug|iPhone.Build.0 = Debug|Any CPU
		{B1AF4608-B83C-4664-8A3C-FB6EA3DB10DD}.Debug|iPhoneSimulator.ActiveCfg = Debug|Any CPU
		{B1AF4608-B83C-4664-8A3C-FB6EA3DB10DD}.Debug|iPhoneSimulator.Build.0 = Debug|Any CPU
		{B1AF4608-B83C-4664-8A3C-FB6EA3DB10DD}.Debug|x64.ActiveCfg = Debug|Any CPU
		{B1AF4608-B83C-4664-8A3C-FB6EA3DB10DD}.Debug|x64.Build.0 = Debug|Any CPU
		{B1AF4608-B83C-4664-8A3C-FB6EA3DB10DD}.Debug|x86.ActiveCfg = Debug|Any CPU
		{B1AF4608-B83C-4664-8A3C-FB6EA3DB10DD}.Debug|x86.Build.0 = Debug|Any CPU
		{B1AF4608-B83C-4664-8A3C-FB6EA3DB10DD}.Release|Any CPU.ActiveCfg = Release|Any CPU
		{B1AF4608-B83C-4664-8A3C-FB6EA3DB10DD}.Release|Any CPU.Build.0 = Release|Any CPU
		{B1AF4608-B83C-4664-8A3C-FB6EA3DB10DD}.Release|ARM.ActiveCfg = Release|Any CPU
		{B1AF4608-B83C-4664-8A3C-FB6EA3DB10DD}.Release|ARM.Build.0 = Release|Any CPU
		{B1AF4608-B83C-4664-8A3C-FB6EA3DB10DD}.Release|iPhone.ActiveCfg = Release|Any CPU
		{B1AF4608-B83C-4664-8A3C-FB6EA3DB10DD}.Release|iPhone.Build.0 = Release|Any CPU
		{B1AF4608-B83C-4664-8A3C-FB6EA3DB10DD}.Release|iPhoneSimulator.ActiveCfg = Release|Any CPU
		{B1AF4608-B83C-4664-8A3C-FB6EA3DB10DD}.Release|iPhoneSimulator.Build.0 = Release|Any CPU
		{B1AF4608-B83C-4664-8A3C-FB6EA3DB10DD}.Release|x64.ActiveCfg = Release|Any CPU
		{B1AF4608-B83C-4664-8A3C-FB6EA3DB10DD}.Release|x64.Build.0 = Release|Any CPU
		{B1AF4608-B83C-4664-8A3C-FB6EA3DB10DD}.Release|x86.ActiveCfg = Release|Any CPU
		{B1AF4608-B83C-4664-8A3C-FB6EA3DB10DD}.Release|x86.Build.0 = Release|Any CPU
		{99C42209-7D72-463C-90DB-3861A795C2B7}.Ad-Hoc|Any CPU.ActiveCfg = Debug|Any CPU
		{99C42209-7D72-463C-90DB-3861A795C2B7}.Ad-Hoc|Any CPU.Build.0 = Debug|Any CPU
		{99C42209-7D72-463C-90DB-3861A795C2B7}.Ad-Hoc|ARM.ActiveCfg = Debug|Any CPU
		{99C42209-7D72-463C-90DB-3861A795C2B7}.Ad-Hoc|ARM.Build.0 = Debug|Any CPU
		{99C42209-7D72-463C-90DB-3861A795C2B7}.Ad-Hoc|iPhone.ActiveCfg = Debug|Any CPU
		{99C42209-7D72-463C-90DB-3861A795C2B7}.Ad-Hoc|iPhone.Build.0 = Debug|Any CPU
		{99C42209-7D72-463C-90DB-3861A795C2B7}.Ad-Hoc|iPhoneSimulator.ActiveCfg = Debug|Any CPU
		{99C42209-7D72-463C-90DB-3861A795C2B7}.Ad-Hoc|iPhoneSimulator.Build.0 = Debug|Any CPU
		{99C42209-7D72-463C-90DB-3861A795C2B7}.Ad-Hoc|x64.ActiveCfg = Debug|Any CPU
		{99C42209-7D72-463C-90DB-3861A795C2B7}.Ad-Hoc|x64.Build.0 = Debug|Any CPU
		{99C42209-7D72-463C-90DB-3861A795C2B7}.Ad-Hoc|x86.ActiveCfg = Debug|Any CPU
		{99C42209-7D72-463C-90DB-3861A795C2B7}.Ad-Hoc|x86.Build.0 = Debug|Any CPU
		{99C42209-7D72-463C-90DB-3861A795C2B7}.AppStore|Any CPU.ActiveCfg = Debug|Any CPU
		{99C42209-7D72-463C-90DB-3861A795C2B7}.AppStore|Any CPU.Build.0 = Debug|Any CPU
		{99C42209-7D72-463C-90DB-3861A795C2B7}.AppStore|ARM.ActiveCfg = Debug|Any CPU
		{99C42209-7D72-463C-90DB-3861A795C2B7}.AppStore|ARM.Build.0 = Debug|Any CPU
		{99C42209-7D72-463C-90DB-3861A795C2B7}.AppStore|iPhone.ActiveCfg = Debug|Any CPU
		{99C42209-7D72-463C-90DB-3861A795C2B7}.AppStore|iPhone.Build.0 = Debug|Any CPU
		{99C42209-7D72-463C-90DB-3861A795C2B7}.AppStore|iPhoneSimulator.ActiveCfg = Debug|Any CPU
		{99C42209-7D72-463C-90DB-3861A795C2B7}.AppStore|iPhoneSimulator.Build.0 = Debug|Any CPU
		{99C42209-7D72-463C-90DB-3861A795C2B7}.AppStore|x64.ActiveCfg = Debug|Any CPU
		{99C42209-7D72-463C-90DB-3861A795C2B7}.AppStore|x64.Build.0 = Debug|Any CPU
		{99C42209-7D72-463C-90DB-3861A795C2B7}.AppStore|x86.ActiveCfg = Debug|Any CPU
		{99C42209-7D72-463C-90DB-3861A795C2B7}.AppStore|x86.Build.0 = Debug|Any CPU
		{99C42209-7D72-463C-90DB-3861A795C2B7}.Debug|Any CPU.ActiveCfg = Debug|Any CPU
		{99C42209-7D72-463C-90DB-3861A795C2B7}.Debug|Any CPU.Build.0 = Debug|Any CPU
		{99C42209-7D72-463C-90DB-3861A795C2B7}.Debug|ARM.ActiveCfg = Debug|Any CPU
		{99C42209-7D72-463C-90DB-3861A795C2B7}.Debug|ARM.Build.0 = Debug|Any CPU
		{99C42209-7D72-463C-90DB-3861A795C2B7}.Debug|iPhone.ActiveCfg = Debug|Any CPU
		{99C42209-7D72-463C-90DB-3861A795C2B7}.Debug|iPhone.Build.0 = Debug|Any CPU
		{99C42209-7D72-463C-90DB-3861A795C2B7}.Debug|iPhoneSimulator.ActiveCfg = Debug|Any CPU
		{99C42209-7D72-463C-90DB-3861A795C2B7}.Debug|iPhoneSimulator.Build.0 = Debug|Any CPU
		{99C42209-7D72-463C-90DB-3861A795C2B7}.Debug|x64.ActiveCfg = Debug|Any CPU
		{99C42209-7D72-463C-90DB-3861A795C2B7}.Debug|x64.Build.0 = Debug|Any CPU
		{99C42209-7D72-463C-90DB-3861A795C2B7}.Debug|x86.ActiveCfg = Debug|Any CPU
		{99C42209-7D72-463C-90DB-3861A795C2B7}.Debug|x86.Build.0 = Debug|Any CPU
		{99C42209-7D72-463C-90DB-3861A795C2B7}.Release|Any CPU.ActiveCfg = Release|Any CPU
		{99C42209-7D72-463C-90DB-3861A795C2B7}.Release|Any CPU.Build.0 = Release|Any CPU
		{99C42209-7D72-463C-90DB-3861A795C2B7}.Release|ARM.ActiveCfg = Release|Any CPU
		{99C42209-7D72-463C-90DB-3861A795C2B7}.Release|ARM.Build.0 = Release|Any CPU
		{99C42209-7D72-463C-90DB-3861A795C2B7}.Release|iPhone.ActiveCfg = Release|Any CPU
		{99C42209-7D72-463C-90DB-3861A795C2B7}.Release|iPhone.Build.0 = Release|Any CPU
		{99C42209-7D72-463C-90DB-3861A795C2B7}.Release|iPhoneSimulator.ActiveCfg = Release|Any CPU
		{99C42209-7D72-463C-90DB-3861A795C2B7}.Release|iPhoneSimulator.Build.0 = Release|Any CPU
		{99C42209-7D72-463C-90DB-3861A795C2B7}.Release|x64.ActiveCfg = Release|Any CPU
		{99C42209-7D72-463C-90DB-3861A795C2B7}.Release|x64.Build.0 = Release|Any CPU
		{99C42209-7D72-463C-90DB-3861A795C2B7}.Release|x86.ActiveCfg = Release|Any CPU
		{99C42209-7D72-463C-90DB-3861A795C2B7}.Release|x86.Build.0 = Release|Any CPU
		{077A162F-446C-4405-A5BE-ECAA6A8681DD}.Ad-Hoc|Any CPU.ActiveCfg = Debug|Any CPU
		{077A162F-446C-4405-A5BE-ECAA6A8681DD}.Ad-Hoc|Any CPU.Build.0 = Debug|Any CPU
		{077A162F-446C-4405-A5BE-ECAA6A8681DD}.Ad-Hoc|Any CPU.Deploy.0 = Debug|Any CPU
		{077A162F-446C-4405-A5BE-ECAA6A8681DD}.Ad-Hoc|ARM.ActiveCfg = Debug|Any CPU
		{077A162F-446C-4405-A5BE-ECAA6A8681DD}.Ad-Hoc|ARM.Build.0 = Debug|Any CPU
		{077A162F-446C-4405-A5BE-ECAA6A8681DD}.Ad-Hoc|ARM.Deploy.0 = Debug|Any CPU
		{077A162F-446C-4405-A5BE-ECAA6A8681DD}.Ad-Hoc|iPhone.ActiveCfg = Debug|Any CPU
		{077A162F-446C-4405-A5BE-ECAA6A8681DD}.Ad-Hoc|iPhone.Build.0 = Debug|Any CPU
		{077A162F-446C-4405-A5BE-ECAA6A8681DD}.Ad-Hoc|iPhone.Deploy.0 = Debug|Any CPU
		{077A162F-446C-4405-A5BE-ECAA6A8681DD}.Ad-Hoc|iPhoneSimulator.ActiveCfg = Debug|Any CPU
		{077A162F-446C-4405-A5BE-ECAA6A8681DD}.Ad-Hoc|iPhoneSimulator.Build.0 = Debug|Any CPU
		{077A162F-446C-4405-A5BE-ECAA6A8681DD}.Ad-Hoc|iPhoneSimulator.Deploy.0 = Debug|Any CPU
		{077A162F-446C-4405-A5BE-ECAA6A8681DD}.Ad-Hoc|x64.ActiveCfg = Debug|Any CPU
		{077A162F-446C-4405-A5BE-ECAA6A8681DD}.Ad-Hoc|x64.Build.0 = Debug|Any CPU
		{077A162F-446C-4405-A5BE-ECAA6A8681DD}.Ad-Hoc|x64.Deploy.0 = Debug|Any CPU
		{077A162F-446C-4405-A5BE-ECAA6A8681DD}.Ad-Hoc|x86.ActiveCfg = Debug|Any CPU
		{077A162F-446C-4405-A5BE-ECAA6A8681DD}.Ad-Hoc|x86.Build.0 = Debug|Any CPU
		{077A162F-446C-4405-A5BE-ECAA6A8681DD}.Ad-Hoc|x86.Deploy.0 = Debug|Any CPU
		{077A162F-446C-4405-A5BE-ECAA6A8681DD}.AppStore|Any CPU.ActiveCfg = Debug|Any CPU
		{077A162F-446C-4405-A5BE-ECAA6A8681DD}.AppStore|Any CPU.Build.0 = Debug|Any CPU
		{077A162F-446C-4405-A5BE-ECAA6A8681DD}.AppStore|Any CPU.Deploy.0 = Debug|Any CPU
		{077A162F-446C-4405-A5BE-ECAA6A8681DD}.AppStore|ARM.ActiveCfg = Debug|Any CPU
		{077A162F-446C-4405-A5BE-ECAA6A8681DD}.AppStore|ARM.Build.0 = Debug|Any CPU
		{077A162F-446C-4405-A5BE-ECAA6A8681DD}.AppStore|ARM.Deploy.0 = Debug|Any CPU
		{077A162F-446C-4405-A5BE-ECAA6A8681DD}.AppStore|iPhone.ActiveCfg = Debug|Any CPU
		{077A162F-446C-4405-A5BE-ECAA6A8681DD}.AppStore|iPhone.Build.0 = Debug|Any CPU
		{077A162F-446C-4405-A5BE-ECAA6A8681DD}.AppStore|iPhone.Deploy.0 = Debug|Any CPU
		{077A162F-446C-4405-A5BE-ECAA6A8681DD}.AppStore|iPhoneSimulator.ActiveCfg = Debug|Any CPU
		{077A162F-446C-4405-A5BE-ECAA6A8681DD}.AppStore|iPhoneSimulator.Build.0 = Debug|Any CPU
		{077A162F-446C-4405-A5BE-ECAA6A8681DD}.AppStore|iPhoneSimulator.Deploy.0 = Debug|Any CPU
		{077A162F-446C-4405-A5BE-ECAA6A8681DD}.AppStore|x64.ActiveCfg = Debug|Any CPU
		{077A162F-446C-4405-A5BE-ECAA6A8681DD}.AppStore|x64.Build.0 = Debug|Any CPU
		{077A162F-446C-4405-A5BE-ECAA6A8681DD}.AppStore|x64.Deploy.0 = Debug|Any CPU
		{077A162F-446C-4405-A5BE-ECAA6A8681DD}.AppStore|x86.ActiveCfg = Debug|Any CPU
		{077A162F-446C-4405-A5BE-ECAA6A8681DD}.AppStore|x86.Build.0 = Debug|Any CPU
		{077A162F-446C-4405-A5BE-ECAA6A8681DD}.AppStore|x86.Deploy.0 = Debug|Any CPU
		{077A162F-446C-4405-A5BE-ECAA6A8681DD}.Debug|Any CPU.ActiveCfg = Debug|Any CPU
		{077A162F-446C-4405-A5BE-ECAA6A8681DD}.Debug|Any CPU.Build.0 = Debug|Any CPU
		{077A162F-446C-4405-A5BE-ECAA6A8681DD}.Debug|Any CPU.Deploy.0 = Debug|Any CPU
		{077A162F-446C-4405-A5BE-ECAA6A8681DD}.Debug|ARM.ActiveCfg = Debug|Any CPU
		{077A162F-446C-4405-A5BE-ECAA6A8681DD}.Debug|ARM.Build.0 = Debug|Any CPU
		{077A162F-446C-4405-A5BE-ECAA6A8681DD}.Debug|ARM.Deploy.0 = Debug|Any CPU
		{077A162F-446C-4405-A5BE-ECAA6A8681DD}.Debug|iPhone.ActiveCfg = Debug|Any CPU
		{077A162F-446C-4405-A5BE-ECAA6A8681DD}.Debug|iPhone.Build.0 = Debug|Any CPU
		{077A162F-446C-4405-A5BE-ECAA6A8681DD}.Debug|iPhone.Deploy.0 = Debug|Any CPU
		{077A162F-446C-4405-A5BE-ECAA6A8681DD}.Debug|iPhoneSimulator.ActiveCfg = Debug|Any CPU
		{077A162F-446C-4405-A5BE-ECAA6A8681DD}.Debug|iPhoneSimulator.Build.0 = Debug|Any CPU
		{077A162F-446C-4405-A5BE-ECAA6A8681DD}.Debug|iPhoneSimulator.Deploy.0 = Debug|Any CPU
		{077A162F-446C-4405-A5BE-ECAA6A8681DD}.Debug|x64.ActiveCfg = Debug|Any CPU
		{077A162F-446C-4405-A5BE-ECAA6A8681DD}.Debug|x64.Build.0 = Debug|Any CPU
		{077A162F-446C-4405-A5BE-ECAA6A8681DD}.Debug|x64.Deploy.0 = Debug|Any CPU
		{077A162F-446C-4405-A5BE-ECAA6A8681DD}.Debug|x86.ActiveCfg = Debug|Any CPU
		{077A162F-446C-4405-A5BE-ECAA6A8681DD}.Debug|x86.Build.0 = Debug|Any CPU
		{077A162F-446C-4405-A5BE-ECAA6A8681DD}.Debug|x86.Deploy.0 = Debug|Any CPU
		{077A162F-446C-4405-A5BE-ECAA6A8681DD}.Release|Any CPU.ActiveCfg = Release|Any CPU
		{077A162F-446C-4405-A5BE-ECAA6A8681DD}.Release|Any CPU.Build.0 = Release|Any CPU
		{077A162F-446C-4405-A5BE-ECAA6A8681DD}.Release|Any CPU.Deploy.0 = Release|Any CPU
		{077A162F-446C-4405-A5BE-ECAA6A8681DD}.Release|ARM.ActiveCfg = Release|Any CPU
		{077A162F-446C-4405-A5BE-ECAA6A8681DD}.Release|ARM.Build.0 = Release|Any CPU
		{077A162F-446C-4405-A5BE-ECAA6A8681DD}.Release|ARM.Deploy.0 = Release|Any CPU
		{077A162F-446C-4405-A5BE-ECAA6A8681DD}.Release|iPhone.ActiveCfg = Release|Any CPU
		{077A162F-446C-4405-A5BE-ECAA6A8681DD}.Release|iPhone.Build.0 = Release|Any CPU
		{077A162F-446C-4405-A5BE-ECAA6A8681DD}.Release|iPhone.Deploy.0 = Release|Any CPU
		{077A162F-446C-4405-A5BE-ECAA6A8681DD}.Release|iPhoneSimulator.ActiveCfg = Release|Any CPU
		{077A162F-446C-4405-A5BE-ECAA6A8681DD}.Release|iPhoneSimulator.Build.0 = Release|Any CPU
		{077A162F-446C-4405-A5BE-ECAA6A8681DD}.Release|iPhoneSimulator.Deploy.0 = Release|Any CPU
		{077A162F-446C-4405-A5BE-ECAA6A8681DD}.Release|x64.ActiveCfg = Release|Any CPU
		{077A162F-446C-4405-A5BE-ECAA6A8681DD}.Release|x64.Build.0 = Release|Any CPU
		{077A162F-446C-4405-A5BE-ECAA6A8681DD}.Release|x64.Deploy.0 = Release|Any CPU
		{077A162F-446C-4405-A5BE-ECAA6A8681DD}.Release|x86.ActiveCfg = Release|Any CPU
		{077A162F-446C-4405-A5BE-ECAA6A8681DD}.Release|x86.Build.0 = Release|Any CPU
		{077A162F-446C-4405-A5BE-ECAA6A8681DD}.Release|x86.Deploy.0 = Release|Any CPU
		{E0A33E87-C8F0-46C0-AACB-9D7CF7DE058E}.Ad-Hoc|Any CPU.ActiveCfg = Debug|Any CPU
		{E0A33E87-C8F0-46C0-AACB-9D7CF7DE058E}.Ad-Hoc|Any CPU.Build.0 = Debug|Any CPU
		{E0A33E87-C8F0-46C0-AACB-9D7CF7DE058E}.Ad-Hoc|ARM.ActiveCfg = Debug|Any CPU
		{E0A33E87-C8F0-46C0-AACB-9D7CF7DE058E}.Ad-Hoc|ARM.Build.0 = Debug|Any CPU
		{E0A33E87-C8F0-46C0-AACB-9D7CF7DE058E}.Ad-Hoc|iPhone.ActiveCfg = Debug|Any CPU
		{E0A33E87-C8F0-46C0-AACB-9D7CF7DE058E}.Ad-Hoc|iPhone.Build.0 = Debug|Any CPU
		{E0A33E87-C8F0-46C0-AACB-9D7CF7DE058E}.Ad-Hoc|iPhoneSimulator.ActiveCfg = Debug|Any CPU
		{E0A33E87-C8F0-46C0-AACB-9D7CF7DE058E}.Ad-Hoc|iPhoneSimulator.Build.0 = Debug|Any CPU
		{E0A33E87-C8F0-46C0-AACB-9D7CF7DE058E}.Ad-Hoc|x64.ActiveCfg = Debug|Any CPU
		{E0A33E87-C8F0-46C0-AACB-9D7CF7DE058E}.Ad-Hoc|x64.Build.0 = Debug|Any CPU
		{E0A33E87-C8F0-46C0-AACB-9D7CF7DE058E}.Ad-Hoc|x86.ActiveCfg = Debug|Any CPU
		{E0A33E87-C8F0-46C0-AACB-9D7CF7DE058E}.Ad-Hoc|x86.Build.0 = Debug|Any CPU
		{E0A33E87-C8F0-46C0-AACB-9D7CF7DE058E}.AppStore|Any CPU.ActiveCfg = Debug|Any CPU
		{E0A33E87-C8F0-46C0-AACB-9D7CF7DE058E}.AppStore|Any CPU.Build.0 = Debug|Any CPU
		{E0A33E87-C8F0-46C0-AACB-9D7CF7DE058E}.AppStore|ARM.ActiveCfg = Debug|Any CPU
		{E0A33E87-C8F0-46C0-AACB-9D7CF7DE058E}.AppStore|ARM.Build.0 = Debug|Any CPU
		{E0A33E87-C8F0-46C0-AACB-9D7CF7DE058E}.AppStore|iPhone.ActiveCfg = Debug|Any CPU
		{E0A33E87-C8F0-46C0-AACB-9D7CF7DE058E}.AppStore|iPhone.Build.0 = Debug|Any CPU
		{E0A33E87-C8F0-46C0-AACB-9D7CF7DE058E}.AppStore|iPhoneSimulator.ActiveCfg = Debug|Any CPU
		{E0A33E87-C8F0-46C0-AACB-9D7CF7DE058E}.AppStore|iPhoneSimulator.Build.0 = Debug|Any CPU
		{E0A33E87-C8F0-46C0-AACB-9D7CF7DE058E}.AppStore|x64.ActiveCfg = Debug|Any CPU
		{E0A33E87-C8F0-46C0-AACB-9D7CF7DE058E}.AppStore|x64.Build.0 = Debug|Any CPU
		{E0A33E87-C8F0-46C0-AACB-9D7CF7DE058E}.AppStore|x86.ActiveCfg = Debug|Any CPU
		{E0A33E87-C8F0-46C0-AACB-9D7CF7DE058E}.AppStore|x86.Build.0 = Debug|Any CPU
		{E0A33E87-C8F0-46C0-AACB-9D7CF7DE058E}.Debug|Any CPU.ActiveCfg = Debug|Any CPU
		{E0A33E87-C8F0-46C0-AACB-9D7CF7DE058E}.Debug|Any CPU.Build.0 = Debug|Any CPU
		{E0A33E87-C8F0-46C0-AACB-9D7CF7DE058E}.Debug|ARM.ActiveCfg = Debug|Any CPU
		{E0A33E87-C8F0-46C0-AACB-9D7CF7DE058E}.Debug|ARM.Build.0 = Debug|Any CPU
		{E0A33E87-C8F0-46C0-AACB-9D7CF7DE058E}.Debug|iPhone.ActiveCfg = Debug|Any CPU
		{E0A33E87-C8F0-46C0-AACB-9D7CF7DE058E}.Debug|iPhone.Build.0 = Debug|Any CPU
		{E0A33E87-C8F0-46C0-AACB-9D7CF7DE058E}.Debug|iPhoneSimulator.ActiveCfg = Debug|Any CPU
		{E0A33E87-C8F0-46C0-AACB-9D7CF7DE058E}.Debug|iPhoneSimulator.Build.0 = Debug|Any CPU
		{E0A33E87-C8F0-46C0-AACB-9D7CF7DE058E}.Debug|x64.ActiveCfg = Debug|Any CPU
		{E0A33E87-C8F0-46C0-AACB-9D7CF7DE058E}.Debug|x64.Build.0 = Debug|Any CPU
		{E0A33E87-C8F0-46C0-AACB-9D7CF7DE058E}.Debug|x86.ActiveCfg = Debug|Any CPU
		{E0A33E87-C8F0-46C0-AACB-9D7CF7DE058E}.Debug|x86.Build.0 = Debug|Any CPU
		{E0A33E87-C8F0-46C0-AACB-9D7CF7DE058E}.Release|Any CPU.ActiveCfg = Release|Any CPU
		{E0A33E87-C8F0-46C0-AACB-9D7CF7DE058E}.Release|Any CPU.Build.0 = Release|Any CPU
		{E0A33E87-C8F0-46C0-AACB-9D7CF7DE058E}.Release|ARM.ActiveCfg = Release|Any CPU
		{E0A33E87-C8F0-46C0-AACB-9D7CF7DE058E}.Release|ARM.Build.0 = Release|Any CPU
		{E0A33E87-C8F0-46C0-AACB-9D7CF7DE058E}.Release|iPhone.ActiveCfg = Release|Any CPU
		{E0A33E87-C8F0-46C0-AACB-9D7CF7DE058E}.Release|iPhone.Build.0 = Release|Any CPU
		{E0A33E87-C8F0-46C0-AACB-9D7CF7DE058E}.Release|iPhoneSimulator.ActiveCfg = Release|Any CPU
		{E0A33E87-C8F0-46C0-AACB-9D7CF7DE058E}.Release|iPhoneSimulator.Build.0 = Release|Any CPU
		{E0A33E87-C8F0-46C0-AACB-9D7CF7DE058E}.Release|x64.ActiveCfg = Release|Any CPU
		{E0A33E87-C8F0-46C0-AACB-9D7CF7DE058E}.Release|x64.Build.0 = Release|Any CPU
		{E0A33E87-C8F0-46C0-AACB-9D7CF7DE058E}.Release|x86.ActiveCfg = Release|Any CPU
		{E0A33E87-C8F0-46C0-AACB-9D7CF7DE058E}.Release|x86.Build.0 = Release|Any CPU
		{03F98964-78B3-4CFD-8D18-DB1A59ABB7A3}.Ad-Hoc|Any CPU.ActiveCfg = Debug|Any CPU
		{03F98964-78B3-4CFD-8D18-DB1A59ABB7A3}.Ad-Hoc|Any CPU.Build.0 = Debug|Any CPU
		{03F98964-78B3-4CFD-8D18-DB1A59ABB7A3}.Ad-Hoc|ARM.ActiveCfg = Debug|Any CPU
		{03F98964-78B3-4CFD-8D18-DB1A59ABB7A3}.Ad-Hoc|ARM.Build.0 = Debug|Any CPU
		{03F98964-78B3-4CFD-8D18-DB1A59ABB7A3}.Ad-Hoc|iPhone.ActiveCfg = Debug|Any CPU
		{03F98964-78B3-4CFD-8D18-DB1A59ABB7A3}.Ad-Hoc|iPhone.Build.0 = Debug|Any CPU
		{03F98964-78B3-4CFD-8D18-DB1A59ABB7A3}.Ad-Hoc|iPhoneSimulator.ActiveCfg = Debug|Any CPU
		{03F98964-78B3-4CFD-8D18-DB1A59ABB7A3}.Ad-Hoc|iPhoneSimulator.Build.0 = Debug|Any CPU
		{03F98964-78B3-4CFD-8D18-DB1A59ABB7A3}.Ad-Hoc|x64.ActiveCfg = Debug|Any CPU
		{03F98964-78B3-4CFD-8D18-DB1A59ABB7A3}.Ad-Hoc|x64.Build.0 = Debug|Any CPU
		{03F98964-78B3-4CFD-8D18-DB1A59ABB7A3}.Ad-Hoc|x86.ActiveCfg = Debug|x86
		{03F98964-78B3-4CFD-8D18-DB1A59ABB7A3}.Ad-Hoc|x86.Build.0 = Debug|x86
		{03F98964-78B3-4CFD-8D18-DB1A59ABB7A3}.AppStore|Any CPU.ActiveCfg = Debug|Any CPU
		{03F98964-78B3-4CFD-8D18-DB1A59ABB7A3}.AppStore|Any CPU.Build.0 = Debug|Any CPU
		{03F98964-78B3-4CFD-8D18-DB1A59ABB7A3}.AppStore|ARM.ActiveCfg = Debug|Any CPU
		{03F98964-78B3-4CFD-8D18-DB1A59ABB7A3}.AppStore|ARM.Build.0 = Debug|Any CPU
		{03F98964-78B3-4CFD-8D18-DB1A59ABB7A3}.AppStore|iPhone.ActiveCfg = Debug|Any CPU
		{03F98964-78B3-4CFD-8D18-DB1A59ABB7A3}.AppStore|iPhone.Build.0 = Debug|Any CPU
		{03F98964-78B3-4CFD-8D18-DB1A59ABB7A3}.AppStore|iPhoneSimulator.ActiveCfg = Debug|Any CPU
		{03F98964-78B3-4CFD-8D18-DB1A59ABB7A3}.AppStore|iPhoneSimulator.Build.0 = Debug|Any CPU
		{03F98964-78B3-4CFD-8D18-DB1A59ABB7A3}.AppStore|x64.ActiveCfg = Debug|Any CPU
		{03F98964-78B3-4CFD-8D18-DB1A59ABB7A3}.AppStore|x64.Build.0 = Debug|Any CPU
		{03F98964-78B3-4CFD-8D18-DB1A59ABB7A3}.AppStore|x86.ActiveCfg = Debug|x86
		{03F98964-78B3-4CFD-8D18-DB1A59ABB7A3}.AppStore|x86.Build.0 = Debug|x86
		{03F98964-78B3-4CFD-8D18-DB1A59ABB7A3}.Debug|Any CPU.ActiveCfg = Debug|Any CPU
		{03F98964-78B3-4CFD-8D18-DB1A59ABB7A3}.Debug|Any CPU.Build.0 = Debug|Any CPU
		{03F98964-78B3-4CFD-8D18-DB1A59ABB7A3}.Debug|ARM.ActiveCfg = Debug|Any CPU
		{03F98964-78B3-4CFD-8D18-DB1A59ABB7A3}.Debug|ARM.Build.0 = Debug|Any CPU
		{03F98964-78B3-4CFD-8D18-DB1A59ABB7A3}.Debug|iPhone.ActiveCfg = Debug|Any CPU
		{03F98964-78B3-4CFD-8D18-DB1A59ABB7A3}.Debug|iPhone.Build.0 = Debug|Any CPU
		{03F98964-78B3-4CFD-8D18-DB1A59ABB7A3}.Debug|iPhoneSimulator.ActiveCfg = Debug|Any CPU
		{03F98964-78B3-4CFD-8D18-DB1A59ABB7A3}.Debug|iPhoneSimulator.Build.0 = Debug|Any CPU
		{03F98964-78B3-4CFD-8D18-DB1A59ABB7A3}.Debug|x64.ActiveCfg = Debug|Any CPU
		{03F98964-78B3-4CFD-8D18-DB1A59ABB7A3}.Debug|x64.Build.0 = Debug|Any CPU
		{03F98964-78B3-4CFD-8D18-DB1A59ABB7A3}.Debug|x86.ActiveCfg = Debug|x86
		{03F98964-78B3-4CFD-8D18-DB1A59ABB7A3}.Debug|x86.Build.0 = Debug|x86
		{03F98964-78B3-4CFD-8D18-DB1A59ABB7A3}.Release|Any CPU.ActiveCfg = Release|Any CPU
		{03F98964-78B3-4CFD-8D18-DB1A59ABB7A3}.Release|Any CPU.Build.0 = Release|Any CPU
		{03F98964-78B3-4CFD-8D18-DB1A59ABB7A3}.Release|ARM.ActiveCfg = Release|Any CPU
		{03F98964-78B3-4CFD-8D18-DB1A59ABB7A3}.Release|ARM.Build.0 = Release|Any CPU
		{03F98964-78B3-4CFD-8D18-DB1A59ABB7A3}.Release|iPhone.ActiveCfg = Release|Any CPU
		{03F98964-78B3-4CFD-8D18-DB1A59ABB7A3}.Release|iPhone.Build.0 = Release|Any CPU
		{03F98964-78B3-4CFD-8D18-DB1A59ABB7A3}.Release|iPhoneSimulator.ActiveCfg = Release|Any CPU
		{03F98964-78B3-4CFD-8D18-DB1A59ABB7A3}.Release|iPhoneSimulator.Build.0 = Release|Any CPU
		{03F98964-78B3-4CFD-8D18-DB1A59ABB7A3}.Release|x64.ActiveCfg = Release|Any CPU
		{03F98964-78B3-4CFD-8D18-DB1A59ABB7A3}.Release|x64.Build.0 = Release|Any CPU
		{03F98964-78B3-4CFD-8D18-DB1A59ABB7A3}.Release|x86.ActiveCfg = Release|x86
		{03F98964-78B3-4CFD-8D18-DB1A59ABB7A3}.Release|x86.Build.0 = Release|x86
		{8B0D3D79-2C66-4EBD-ADA4-37432F97DE3C}.Ad-Hoc|Any CPU.ActiveCfg = Debug|Any CPU
		{8B0D3D79-2C66-4EBD-ADA4-37432F97DE3C}.Ad-Hoc|Any CPU.Build.0 = Debug|Any CPU
		{8B0D3D79-2C66-4EBD-ADA4-37432F97DE3C}.Ad-Hoc|ARM.ActiveCfg = Debug|Any CPU
		{8B0D3D79-2C66-4EBD-ADA4-37432F97DE3C}.Ad-Hoc|ARM.Build.0 = Debug|Any CPU
		{8B0D3D79-2C66-4EBD-ADA4-37432F97DE3C}.Ad-Hoc|iPhone.ActiveCfg = Debug|Any CPU
		{8B0D3D79-2C66-4EBD-ADA4-37432F97DE3C}.Ad-Hoc|iPhone.Build.0 = Debug|Any CPU
		{8B0D3D79-2C66-4EBD-ADA4-37432F97DE3C}.Ad-Hoc|iPhoneSimulator.ActiveCfg = Debug|Any CPU
		{8B0D3D79-2C66-4EBD-ADA4-37432F97DE3C}.Ad-Hoc|iPhoneSimulator.Build.0 = Debug|Any CPU
		{8B0D3D79-2C66-4EBD-ADA4-37432F97DE3C}.Ad-Hoc|x64.ActiveCfg = Debug|Any CPU
		{8B0D3D79-2C66-4EBD-ADA4-37432F97DE3C}.Ad-Hoc|x64.Build.0 = Debug|Any CPU
		{8B0D3D79-2C66-4EBD-ADA4-37432F97DE3C}.Ad-Hoc|x86.ActiveCfg = Debug|Any CPU
		{8B0D3D79-2C66-4EBD-ADA4-37432F97DE3C}.Ad-Hoc|x86.Build.0 = Debug|Any CPU
		{8B0D3D79-2C66-4EBD-ADA4-37432F97DE3C}.AppStore|Any CPU.ActiveCfg = Debug|Any CPU
		{8B0D3D79-2C66-4EBD-ADA4-37432F97DE3C}.AppStore|Any CPU.Build.0 = Debug|Any CPU
		{8B0D3D79-2C66-4EBD-ADA4-37432F97DE3C}.AppStore|ARM.ActiveCfg = Debug|Any CPU
		{8B0D3D79-2C66-4EBD-ADA4-37432F97DE3C}.AppStore|ARM.Build.0 = Debug|Any CPU
		{8B0D3D79-2C66-4EBD-ADA4-37432F97DE3C}.AppStore|iPhone.ActiveCfg = Debug|Any CPU
		{8B0D3D79-2C66-4EBD-ADA4-37432F97DE3C}.AppStore|iPhone.Build.0 = Debug|Any CPU
		{8B0D3D79-2C66-4EBD-ADA4-37432F97DE3C}.AppStore|iPhoneSimulator.ActiveCfg = Debug|Any CPU
		{8B0D3D79-2C66-4EBD-ADA4-37432F97DE3C}.AppStore|iPhoneSimulator.Build.0 = Debug|Any CPU
		{8B0D3D79-2C66-4EBD-ADA4-37432F97DE3C}.AppStore|x64.ActiveCfg = Debug|Any CPU
		{8B0D3D79-2C66-4EBD-ADA4-37432F97DE3C}.AppStore|x64.Build.0 = Debug|Any CPU
		{8B0D3D79-2C66-4EBD-ADA4-37432F97DE3C}.AppStore|x86.ActiveCfg = Debug|Any CPU
		{8B0D3D79-2C66-4EBD-ADA4-37432F97DE3C}.AppStore|x86.Build.0 = Debug|Any CPU
		{8B0D3D79-2C66-4EBD-ADA4-37432F97DE3C}.Debug|Any CPU.ActiveCfg = Debug|Any CPU
		{8B0D3D79-2C66-4EBD-ADA4-37432F97DE3C}.Debug|Any CPU.Build.0 = Debug|Any CPU
		{8B0D3D79-2C66-4EBD-ADA4-37432F97DE3C}.Debug|ARM.ActiveCfg = Debug|Any CPU
		{8B0D3D79-2C66-4EBD-ADA4-37432F97DE3C}.Debug|ARM.Build.0 = Debug|Any CPU
		{8B0D3D79-2C66-4EBD-ADA4-37432F97DE3C}.Debug|iPhone.ActiveCfg = Debug|Any CPU
		{8B0D3D79-2C66-4EBD-ADA4-37432F97DE3C}.Debug|iPhone.Build.0 = Debug|Any CPU
		{8B0D3D79-2C66-4EBD-ADA4-37432F97DE3C}.Debug|iPhoneSimulator.ActiveCfg = Debug|Any CPU
		{8B0D3D79-2C66-4EBD-ADA4-37432F97DE3C}.Debug|iPhoneSimulator.Build.0 = Debug|Any CPU
		{8B0D3D79-2C66-4EBD-ADA4-37432F97DE3C}.Debug|x64.ActiveCfg = Debug|Any CPU
		{8B0D3D79-2C66-4EBD-ADA4-37432F97DE3C}.Debug|x64.Build.0 = Debug|Any CPU
		{8B0D3D79-2C66-4EBD-ADA4-37432F97DE3C}.Debug|x86.ActiveCfg = Debug|Any CPU
		{8B0D3D79-2C66-4EBD-ADA4-37432F97DE3C}.Debug|x86.Build.0 = Debug|Any CPU
		{8B0D3D79-2C66-4EBD-ADA4-37432F97DE3C}.Release|Any CPU.ActiveCfg = Release|Any CPU
		{8B0D3D79-2C66-4EBD-ADA4-37432F97DE3C}.Release|Any CPU.Build.0 = Release|Any CPU
		{8B0D3D79-2C66-4EBD-ADA4-37432F97DE3C}.Release|ARM.ActiveCfg = Release|Any CPU
		{8B0D3D79-2C66-4EBD-ADA4-37432F97DE3C}.Release|ARM.Build.0 = Release|Any CPU
		{8B0D3D79-2C66-4EBD-ADA4-37432F97DE3C}.Release|iPhone.ActiveCfg = Release|Any CPU
		{8B0D3D79-2C66-4EBD-ADA4-37432F97DE3C}.Release|iPhone.Build.0 = Release|Any CPU
		{8B0D3D79-2C66-4EBD-ADA4-37432F97DE3C}.Release|iPhoneSimulator.ActiveCfg = Release|Any CPU
		{8B0D3D79-2C66-4EBD-ADA4-37432F97DE3C}.Release|iPhoneSimulator.Build.0 = Release|Any CPU
		{8B0D3D79-2C66-4EBD-ADA4-37432F97DE3C}.Release|x64.ActiveCfg = Release|Any CPU
		{8B0D3D79-2C66-4EBD-ADA4-37432F97DE3C}.Release|x64.Build.0 = Release|Any CPU
		{8B0D3D79-2C66-4EBD-ADA4-37432F97DE3C}.Release|x86.ActiveCfg = Release|Any CPU
		{8B0D3D79-2C66-4EBD-ADA4-37432F97DE3C}.Release|x86.Build.0 = Release|Any CPU
		{F0775859-BCF4-4485-A897-A6F89921DDDF}.Ad-Hoc|Any CPU.ActiveCfg = Debug|Any CPU
		{F0775859-BCF4-4485-A897-A6F89921DDDF}.Ad-Hoc|Any CPU.Build.0 = Debug|Any CPU
		{F0775859-BCF4-4485-A897-A6F89921DDDF}.Ad-Hoc|ARM.ActiveCfg = Debug|Any CPU
		{F0775859-BCF4-4485-A897-A6F89921DDDF}.Ad-Hoc|ARM.Build.0 = Debug|Any CPU
		{F0775859-BCF4-4485-A897-A6F89921DDDF}.Ad-Hoc|iPhone.ActiveCfg = Debug|Any CPU
		{F0775859-BCF4-4485-A897-A6F89921DDDF}.Ad-Hoc|iPhone.Build.0 = Debug|Any CPU
		{F0775859-BCF4-4485-A897-A6F89921DDDF}.Ad-Hoc|iPhoneSimulator.ActiveCfg = Debug|Any CPU
		{F0775859-BCF4-4485-A897-A6F89921DDDF}.Ad-Hoc|iPhoneSimulator.Build.0 = Debug|Any CPU
		{F0775859-BCF4-4485-A897-A6F89921DDDF}.Ad-Hoc|x64.ActiveCfg = Debug|Any CPU
		{F0775859-BCF4-4485-A897-A6F89921DDDF}.Ad-Hoc|x64.Build.0 = Debug|Any CPU
		{F0775859-BCF4-4485-A897-A6F89921DDDF}.Ad-Hoc|x86.ActiveCfg = Debug|Any CPU
		{F0775859-BCF4-4485-A897-A6F89921DDDF}.Ad-Hoc|x86.Build.0 = Debug|Any CPU
		{F0775859-BCF4-4485-A897-A6F89921DDDF}.AppStore|Any CPU.ActiveCfg = Debug|Any CPU
		{F0775859-BCF4-4485-A897-A6F89921DDDF}.AppStore|Any CPU.Build.0 = Debug|Any CPU
		{F0775859-BCF4-4485-A897-A6F89921DDDF}.AppStore|ARM.ActiveCfg = Debug|Any CPU
		{F0775859-BCF4-4485-A897-A6F89921DDDF}.AppStore|ARM.Build.0 = Debug|Any CPU
		{F0775859-BCF4-4485-A897-A6F89921DDDF}.AppStore|iPhone.ActiveCfg = Debug|Any CPU
		{F0775859-BCF4-4485-A897-A6F89921DDDF}.AppStore|iPhone.Build.0 = Debug|Any CPU
		{F0775859-BCF4-4485-A897-A6F89921DDDF}.AppStore|iPhoneSimulator.ActiveCfg = Debug|Any CPU
		{F0775859-BCF4-4485-A897-A6F89921DDDF}.AppStore|iPhoneSimulator.Build.0 = Debug|Any CPU
		{F0775859-BCF4-4485-A897-A6F89921DDDF}.AppStore|x64.ActiveCfg = Debug|Any CPU
		{F0775859-BCF4-4485-A897-A6F89921DDDF}.AppStore|x64.Build.0 = Debug|Any CPU
		{F0775859-BCF4-4485-A897-A6F89921DDDF}.AppStore|x86.ActiveCfg = Debug|Any CPU
		{F0775859-BCF4-4485-A897-A6F89921DDDF}.AppStore|x86.Build.0 = Debug|Any CPU
		{F0775859-BCF4-4485-A897-A6F89921DDDF}.Debug|Any CPU.ActiveCfg = Debug|Any CPU
		{F0775859-BCF4-4485-A897-A6F89921DDDF}.Debug|Any CPU.Build.0 = Debug|Any CPU
		{F0775859-BCF4-4485-A897-A6F89921DDDF}.Debug|ARM.ActiveCfg = Debug|Any CPU
		{F0775859-BCF4-4485-A897-A6F89921DDDF}.Debug|ARM.Build.0 = Debug|Any CPU
		{F0775859-BCF4-4485-A897-A6F89921DDDF}.Debug|iPhone.ActiveCfg = Debug|Any CPU
		{F0775859-BCF4-4485-A897-A6F89921DDDF}.Debug|iPhone.Build.0 = Debug|Any CPU
		{F0775859-BCF4-4485-A897-A6F89921DDDF}.Debug|iPhoneSimulator.ActiveCfg = Debug|Any CPU
		{F0775859-BCF4-4485-A897-A6F89921DDDF}.Debug|iPhoneSimulator.Build.0 = Debug|Any CPU
		{F0775859-BCF4-4485-A897-A6F89921DDDF}.Debug|x64.ActiveCfg = Debug|Any CPU
		{F0775859-BCF4-4485-A897-A6F89921DDDF}.Debug|x64.Build.0 = Debug|Any CPU
		{F0775859-BCF4-4485-A897-A6F89921DDDF}.Debug|x86.ActiveCfg = Debug|Any CPU
		{F0775859-BCF4-4485-A897-A6F89921DDDF}.Debug|x86.Build.0 = Debug|Any CPU
		{F0775859-BCF4-4485-A897-A6F89921DDDF}.Release|Any CPU.ActiveCfg = Release|Any CPU
		{F0775859-BCF4-4485-A897-A6F89921DDDF}.Release|Any CPU.Build.0 = Release|Any CPU
		{F0775859-BCF4-4485-A897-A6F89921DDDF}.Release|ARM.ActiveCfg = Release|Any CPU
		{F0775859-BCF4-4485-A897-A6F89921DDDF}.Release|ARM.Build.0 = Release|Any CPU
		{F0775859-BCF4-4485-A897-A6F89921DDDF}.Release|iPhone.ActiveCfg = Release|Any CPU
		{F0775859-BCF4-4485-A897-A6F89921DDDF}.Release|iPhone.Build.0 = Release|Any CPU
		{F0775859-BCF4-4485-A897-A6F89921DDDF}.Release|iPhoneSimulator.ActiveCfg = Release|Any CPU
		{F0775859-BCF4-4485-A897-A6F89921DDDF}.Release|iPhoneSimulator.Build.0 = Release|Any CPU
		{F0775859-BCF4-4485-A897-A6F89921DDDF}.Release|x64.ActiveCfg = Release|Any CPU
		{F0775859-BCF4-4485-A897-A6F89921DDDF}.Release|x64.Build.0 = Release|Any CPU
		{F0775859-BCF4-4485-A897-A6F89921DDDF}.Release|x86.ActiveCfg = Release|Any CPU
		{F0775859-BCF4-4485-A897-A6F89921DDDF}.Release|x86.Build.0 = Release|Any CPU
		{336F5727-8752-42CE-A7AB-EA466331EABE}.Ad-Hoc|Any CPU.ActiveCfg = Debug|Any CPU
		{336F5727-8752-42CE-A7AB-EA466331EABE}.Ad-Hoc|Any CPU.Build.0 = Debug|Any CPU
		{336F5727-8752-42CE-A7AB-EA466331EABE}.Ad-Hoc|ARM.ActiveCfg = Debug|Any CPU
		{336F5727-8752-42CE-A7AB-EA466331EABE}.Ad-Hoc|ARM.Build.0 = Debug|Any CPU
		{336F5727-8752-42CE-A7AB-EA466331EABE}.Ad-Hoc|iPhone.ActiveCfg = Debug|Any CPU
		{336F5727-8752-42CE-A7AB-EA466331EABE}.Ad-Hoc|iPhone.Build.0 = Debug|Any CPU
		{336F5727-8752-42CE-A7AB-EA466331EABE}.Ad-Hoc|iPhoneSimulator.ActiveCfg = Debug|Any CPU
		{336F5727-8752-42CE-A7AB-EA466331EABE}.Ad-Hoc|iPhoneSimulator.Build.0 = Debug|Any CPU
		{336F5727-8752-42CE-A7AB-EA466331EABE}.Ad-Hoc|x64.ActiveCfg = Debug|Any CPU
		{336F5727-8752-42CE-A7AB-EA466331EABE}.Ad-Hoc|x64.Build.0 = Debug|Any CPU
		{336F5727-8752-42CE-A7AB-EA466331EABE}.Ad-Hoc|x86.ActiveCfg = Debug|Any CPU
		{336F5727-8752-42CE-A7AB-EA466331EABE}.Ad-Hoc|x86.Build.0 = Debug|Any CPU
		{336F5727-8752-42CE-A7AB-EA466331EABE}.AppStore|Any CPU.ActiveCfg = Debug|Any CPU
		{336F5727-8752-42CE-A7AB-EA466331EABE}.AppStore|Any CPU.Build.0 = Debug|Any CPU
		{336F5727-8752-42CE-A7AB-EA466331EABE}.AppStore|ARM.ActiveCfg = Debug|Any CPU
		{336F5727-8752-42CE-A7AB-EA466331EABE}.AppStore|ARM.Build.0 = Debug|Any CPU
		{336F5727-8752-42CE-A7AB-EA466331EABE}.AppStore|iPhone.ActiveCfg = Debug|Any CPU
		{336F5727-8752-42CE-A7AB-EA466331EABE}.AppStore|iPhone.Build.0 = Debug|Any CPU
		{336F5727-8752-42CE-A7AB-EA466331EABE}.AppStore|iPhoneSimulator.ActiveCfg = Debug|Any CPU
		{336F5727-8752-42CE-A7AB-EA466331EABE}.AppStore|iPhoneSimulator.Build.0 = Debug|Any CPU
		{336F5727-8752-42CE-A7AB-EA466331EABE}.AppStore|x64.ActiveCfg = Debug|Any CPU
		{336F5727-8752-42CE-A7AB-EA466331EABE}.AppStore|x64.Build.0 = Debug|Any CPU
		{336F5727-8752-42CE-A7AB-EA466331EABE}.AppStore|x86.ActiveCfg = Debug|Any CPU
		{336F5727-8752-42CE-A7AB-EA466331EABE}.AppStore|x86.Build.0 = Debug|Any CPU
		{336F5727-8752-42CE-A7AB-EA466331EABE}.Debug|Any CPU.ActiveCfg = Debug|Any CPU
		{336F5727-8752-42CE-A7AB-EA466331EABE}.Debug|Any CPU.Build.0 = Debug|Any CPU
		{336F5727-8752-42CE-A7AB-EA466331EABE}.Debug|ARM.ActiveCfg = Debug|Any CPU
		{336F5727-8752-42CE-A7AB-EA466331EABE}.Debug|ARM.Build.0 = Debug|Any CPU
		{336F5727-8752-42CE-A7AB-EA466331EABE}.Debug|iPhone.ActiveCfg = Debug|Any CPU
		{336F5727-8752-42CE-A7AB-EA466331EABE}.Debug|iPhone.Build.0 = Debug|Any CPU
		{336F5727-8752-42CE-A7AB-EA466331EABE}.Debug|iPhoneSimulator.ActiveCfg = Debug|Any CPU
		{336F5727-8752-42CE-A7AB-EA466331EABE}.Debug|iPhoneSimulator.Build.0 = Debug|Any CPU
		{336F5727-8752-42CE-A7AB-EA466331EABE}.Debug|x64.ActiveCfg = Debug|Any CPU
		{336F5727-8752-42CE-A7AB-EA466331EABE}.Debug|x64.Build.0 = Debug|Any CPU
		{336F5727-8752-42CE-A7AB-EA466331EABE}.Debug|x86.ActiveCfg = Debug|Any CPU
		{336F5727-8752-42CE-A7AB-EA466331EABE}.Debug|x86.Build.0 = Debug|Any CPU
		{336F5727-8752-42CE-A7AB-EA466331EABE}.Release|Any CPU.ActiveCfg = Release|Any CPU
		{336F5727-8752-42CE-A7AB-EA466331EABE}.Release|Any CPU.Build.0 = Release|Any CPU
		{336F5727-8752-42CE-A7AB-EA466331EABE}.Release|ARM.ActiveCfg = Release|Any CPU
		{336F5727-8752-42CE-A7AB-EA466331EABE}.Release|ARM.Build.0 = Release|Any CPU
		{336F5727-8752-42CE-A7AB-EA466331EABE}.Release|iPhone.ActiveCfg = Release|Any CPU
		{336F5727-8752-42CE-A7AB-EA466331EABE}.Release|iPhone.Build.0 = Release|Any CPU
		{336F5727-8752-42CE-A7AB-EA466331EABE}.Release|iPhoneSimulator.ActiveCfg = Release|Any CPU
		{336F5727-8752-42CE-A7AB-EA466331EABE}.Release|iPhoneSimulator.Build.0 = Release|Any CPU
		{336F5727-8752-42CE-A7AB-EA466331EABE}.Release|x64.ActiveCfg = Release|Any CPU
		{336F5727-8752-42CE-A7AB-EA466331EABE}.Release|x64.Build.0 = Release|Any CPU
		{336F5727-8752-42CE-A7AB-EA466331EABE}.Release|x86.ActiveCfg = Release|Any CPU
		{336F5727-8752-42CE-A7AB-EA466331EABE}.Release|x86.Build.0 = Release|Any CPU
		{61061A78-D5A9-4716-961D-9B2E31DA3DA0}.Ad-Hoc|Any CPU.ActiveCfg = Debug|Any CPU
		{61061A78-D5A9-4716-961D-9B2E31DA3DA0}.Ad-Hoc|Any CPU.Build.0 = Debug|Any CPU
		{61061A78-D5A9-4716-961D-9B2E31DA3DA0}.Ad-Hoc|ARM.ActiveCfg = Debug|Any CPU
		{61061A78-D5A9-4716-961D-9B2E31DA3DA0}.Ad-Hoc|ARM.Build.0 = Debug|Any CPU
		{61061A78-D5A9-4716-961D-9B2E31DA3DA0}.Ad-Hoc|iPhone.ActiveCfg = Debug|Any CPU
		{61061A78-D5A9-4716-961D-9B2E31DA3DA0}.Ad-Hoc|iPhone.Build.0 = Debug|Any CPU
		{61061A78-D5A9-4716-961D-9B2E31DA3DA0}.Ad-Hoc|iPhoneSimulator.ActiveCfg = Debug|Any CPU
		{61061A78-D5A9-4716-961D-9B2E31DA3DA0}.Ad-Hoc|iPhoneSimulator.Build.0 = Debug|Any CPU
		{61061A78-D5A9-4716-961D-9B2E31DA3DA0}.Ad-Hoc|x64.ActiveCfg = Debug|Any CPU
		{61061A78-D5A9-4716-961D-9B2E31DA3DA0}.Ad-Hoc|x64.Build.0 = Debug|Any CPU
		{61061A78-D5A9-4716-961D-9B2E31DA3DA0}.Ad-Hoc|x86.ActiveCfg = Debug|Any CPU
		{61061A78-D5A9-4716-961D-9B2E31DA3DA0}.Ad-Hoc|x86.Build.0 = Debug|Any CPU
		{61061A78-D5A9-4716-961D-9B2E31DA3DA0}.AppStore|Any CPU.ActiveCfg = Debug|Any CPU
		{61061A78-D5A9-4716-961D-9B2E31DA3DA0}.AppStore|Any CPU.Build.0 = Debug|Any CPU
		{61061A78-D5A9-4716-961D-9B2E31DA3DA0}.AppStore|ARM.ActiveCfg = Debug|Any CPU
		{61061A78-D5A9-4716-961D-9B2E31DA3DA0}.AppStore|ARM.Build.0 = Debug|Any CPU
		{61061A78-D5A9-4716-961D-9B2E31DA3DA0}.AppStore|iPhone.ActiveCfg = Debug|Any CPU
		{61061A78-D5A9-4716-961D-9B2E31DA3DA0}.AppStore|iPhone.Build.0 = Debug|Any CPU
		{61061A78-D5A9-4716-961D-9B2E31DA3DA0}.AppStore|iPhoneSimulator.ActiveCfg = Debug|Any CPU
		{61061A78-D5A9-4716-961D-9B2E31DA3DA0}.AppStore|iPhoneSimulator.Build.0 = Debug|Any CPU
		{61061A78-D5A9-4716-961D-9B2E31DA3DA0}.AppStore|x64.ActiveCfg = Debug|Any CPU
		{61061A78-D5A9-4716-961D-9B2E31DA3DA0}.AppStore|x64.Build.0 = Debug|Any CPU
		{61061A78-D5A9-4716-961D-9B2E31DA3DA0}.AppStore|x86.ActiveCfg = Debug|Any CPU
		{61061A78-D5A9-4716-961D-9B2E31DA3DA0}.AppStore|x86.Build.0 = Debug|Any CPU
		{61061A78-D5A9-4716-961D-9B2E31DA3DA0}.Debug|Any CPU.ActiveCfg = Debug|Any CPU
		{61061A78-D5A9-4716-961D-9B2E31DA3DA0}.Debug|Any CPU.Build.0 = Debug|Any CPU
		{61061A78-D5A9-4716-961D-9B2E31DA3DA0}.Debug|ARM.ActiveCfg = Debug|Any CPU
		{61061A78-D5A9-4716-961D-9B2E31DA3DA0}.Debug|ARM.Build.0 = Debug|Any CPU
		{61061A78-D5A9-4716-961D-9B2E31DA3DA0}.Debug|iPhone.ActiveCfg = Debug|Any CPU
		{61061A78-D5A9-4716-961D-9B2E31DA3DA0}.Debug|iPhone.Build.0 = Debug|Any CPU
		{61061A78-D5A9-4716-961D-9B2E31DA3DA0}.Debug|iPhoneSimulator.ActiveCfg = Debug|Any CPU
		{61061A78-D5A9-4716-961D-9B2E31DA3DA0}.Debug|iPhoneSimulator.Build.0 = Debug|Any CPU
		{61061A78-D5A9-4716-961D-9B2E31DA3DA0}.Debug|x64.ActiveCfg = Debug|Any CPU
		{61061A78-D5A9-4716-961D-9B2E31DA3DA0}.Debug|x64.Build.0 = Debug|Any CPU
		{61061A78-D5A9-4716-961D-9B2E31DA3DA0}.Debug|x86.ActiveCfg = Debug|Any CPU
		{61061A78-D5A9-4716-961D-9B2E31DA3DA0}.Debug|x86.Build.0 = Debug|Any CPU
		{61061A78-D5A9-4716-961D-9B2E31DA3DA0}.Release|Any CPU.ActiveCfg = Release|Any CPU
		{61061A78-D5A9-4716-961D-9B2E31DA3DA0}.Release|Any CPU.Build.0 = Release|Any CPU
		{61061A78-D5A9-4716-961D-9B2E31DA3DA0}.Release|ARM.ActiveCfg = Release|Any CPU
		{61061A78-D5A9-4716-961D-9B2E31DA3DA0}.Release|ARM.Build.0 = Release|Any CPU
		{61061A78-D5A9-4716-961D-9B2E31DA3DA0}.Release|iPhone.ActiveCfg = Release|Any CPU
		{61061A78-D5A9-4716-961D-9B2E31DA3DA0}.Release|iPhone.Build.0 = Release|Any CPU
		{61061A78-D5A9-4716-961D-9B2E31DA3DA0}.Release|iPhoneSimulator.ActiveCfg = Release|Any CPU
		{61061A78-D5A9-4716-961D-9B2E31DA3DA0}.Release|iPhoneSimulator.Build.0 = Release|Any CPU
		{61061A78-D5A9-4716-961D-9B2E31DA3DA0}.Release|x64.ActiveCfg = Release|Any CPU
		{61061A78-D5A9-4716-961D-9B2E31DA3DA0}.Release|x64.Build.0 = Release|Any CPU
		{61061A78-D5A9-4716-961D-9B2E31DA3DA0}.Release|x86.ActiveCfg = Release|Any CPU
		{61061A78-D5A9-4716-961D-9B2E31DA3DA0}.Release|x86.Build.0 = Release|Any CPU
		{182E2448-EDE0-4803-AE5E-B4B00C239EED}.Ad-Hoc|Any CPU.ActiveCfg = Debug|Any CPU
		{182E2448-EDE0-4803-AE5E-B4B00C239EED}.Ad-Hoc|Any CPU.Build.0 = Debug|Any CPU
		{182E2448-EDE0-4803-AE5E-B4B00C239EED}.Ad-Hoc|ARM.ActiveCfg = Debug|Any CPU
		{182E2448-EDE0-4803-AE5E-B4B00C239EED}.Ad-Hoc|ARM.Build.0 = Debug|Any CPU
		{182E2448-EDE0-4803-AE5E-B4B00C239EED}.Ad-Hoc|iPhone.ActiveCfg = Debug|Any CPU
		{182E2448-EDE0-4803-AE5E-B4B00C239EED}.Ad-Hoc|iPhone.Build.0 = Debug|Any CPU
		{182E2448-EDE0-4803-AE5E-B4B00C239EED}.Ad-Hoc|iPhoneSimulator.ActiveCfg = Debug|Any CPU
		{182E2448-EDE0-4803-AE5E-B4B00C239EED}.Ad-Hoc|iPhoneSimulator.Build.0 = Debug|Any CPU
		{182E2448-EDE0-4803-AE5E-B4B00C239EED}.Ad-Hoc|x64.ActiveCfg = Debug|Any CPU
		{182E2448-EDE0-4803-AE5E-B4B00C239EED}.Ad-Hoc|x64.Build.0 = Debug|Any CPU
		{182E2448-EDE0-4803-AE5E-B4B00C239EED}.Ad-Hoc|x86.ActiveCfg = Debug|Any CPU
		{182E2448-EDE0-4803-AE5E-B4B00C239EED}.Ad-Hoc|x86.Build.0 = Debug|Any CPU
		{182E2448-EDE0-4803-AE5E-B4B00C239EED}.AppStore|Any CPU.ActiveCfg = Debug|Any CPU
		{182E2448-EDE0-4803-AE5E-B4B00C239EED}.AppStore|Any CPU.Build.0 = Debug|Any CPU
		{182E2448-EDE0-4803-AE5E-B4B00C239EED}.AppStore|ARM.ActiveCfg = Debug|Any CPU
		{182E2448-EDE0-4803-AE5E-B4B00C239EED}.AppStore|ARM.Build.0 = Debug|Any CPU
		{182E2448-EDE0-4803-AE5E-B4B00C239EED}.AppStore|iPhone.ActiveCfg = Debug|Any CPU
		{182E2448-EDE0-4803-AE5E-B4B00C239EED}.AppStore|iPhone.Build.0 = Debug|Any CPU
		{182E2448-EDE0-4803-AE5E-B4B00C239EED}.AppStore|iPhoneSimulator.ActiveCfg = Debug|Any CPU
		{182E2448-EDE0-4803-AE5E-B4B00C239EED}.AppStore|iPhoneSimulator.Build.0 = Debug|Any CPU
		{182E2448-EDE0-4803-AE5E-B4B00C239EED}.AppStore|x64.ActiveCfg = Debug|Any CPU
		{182E2448-EDE0-4803-AE5E-B4B00C239EED}.AppStore|x64.Build.0 = Debug|Any CPU
		{182E2448-EDE0-4803-AE5E-B4B00C239EED}.AppStore|x86.ActiveCfg = Debug|Any CPU
		{182E2448-EDE0-4803-AE5E-B4B00C239EED}.AppStore|x86.Build.0 = Debug|Any CPU
		{182E2448-EDE0-4803-AE5E-B4B00C239EED}.Debug|Any CPU.ActiveCfg = Debug|Any CPU
		{182E2448-EDE0-4803-AE5E-B4B00C239EED}.Debug|Any CPU.Build.0 = Debug|Any CPU
		{182E2448-EDE0-4803-AE5E-B4B00C239EED}.Debug|ARM.ActiveCfg = Debug|Any CPU
		{182E2448-EDE0-4803-AE5E-B4B00C239EED}.Debug|ARM.Build.0 = Debug|Any CPU
		{182E2448-EDE0-4803-AE5E-B4B00C239EED}.Debug|iPhone.ActiveCfg = Debug|Any CPU
		{182E2448-EDE0-4803-AE5E-B4B00C239EED}.Debug|iPhone.Build.0 = Debug|Any CPU
		{182E2448-EDE0-4803-AE5E-B4B00C239EED}.Debug|iPhoneSimulator.ActiveCfg = Debug|Any CPU
		{182E2448-EDE0-4803-AE5E-B4B00C239EED}.Debug|iPhoneSimulator.Build.0 = Debug|Any CPU
		{182E2448-EDE0-4803-AE5E-B4B00C239EED}.Debug|x64.ActiveCfg = Debug|Any CPU
		{182E2448-EDE0-4803-AE5E-B4B00C239EED}.Debug|x64.Build.0 = Debug|Any CPU
		{182E2448-EDE0-4803-AE5E-B4B00C239EED}.Debug|x86.ActiveCfg = Debug|Any CPU
		{182E2448-EDE0-4803-AE5E-B4B00C239EED}.Debug|x86.Build.0 = Debug|Any CPU
		{182E2448-EDE0-4803-AE5E-B4B00C239EED}.Release|Any CPU.ActiveCfg = Release|Any CPU
		{182E2448-EDE0-4803-AE5E-B4B00C239EED}.Release|Any CPU.Build.0 = Release|Any CPU
		{182E2448-EDE0-4803-AE5E-B4B00C239EED}.Release|ARM.ActiveCfg = Release|Any CPU
		{182E2448-EDE0-4803-AE5E-B4B00C239EED}.Release|ARM.Build.0 = Release|Any CPU
		{182E2448-EDE0-4803-AE5E-B4B00C239EED}.Release|iPhone.ActiveCfg = Release|Any CPU
		{182E2448-EDE0-4803-AE5E-B4B00C239EED}.Release|iPhone.Build.0 = Release|Any CPU
		{182E2448-EDE0-4803-AE5E-B4B00C239EED}.Release|iPhoneSimulator.ActiveCfg = Release|Any CPU
		{182E2448-EDE0-4803-AE5E-B4B00C239EED}.Release|iPhoneSimulator.Build.0 = Release|Any CPU
		{182E2448-EDE0-4803-AE5E-B4B00C239EED}.Release|x64.ActiveCfg = Release|Any CPU
		{182E2448-EDE0-4803-AE5E-B4B00C239EED}.Release|x64.Build.0 = Release|Any CPU
		{182E2448-EDE0-4803-AE5E-B4B00C239EED}.Release|x86.ActiveCfg = Release|Any CPU
		{182E2448-EDE0-4803-AE5E-B4B00C239EED}.Release|x86.Build.0 = Release|Any CPU
		{31299CCD-13BB-42A4-9D9E-53DD2314C4E4}.Ad-Hoc|Any CPU.ActiveCfg = Debug|Any CPU
		{31299CCD-13BB-42A4-9D9E-53DD2314C4E4}.Ad-Hoc|Any CPU.Build.0 = Debug|Any CPU
		{31299CCD-13BB-42A4-9D9E-53DD2314C4E4}.Ad-Hoc|ARM.ActiveCfg = Debug|Any CPU
		{31299CCD-13BB-42A4-9D9E-53DD2314C4E4}.Ad-Hoc|ARM.Build.0 = Debug|Any CPU
		{31299CCD-13BB-42A4-9D9E-53DD2314C4E4}.Ad-Hoc|iPhone.ActiveCfg = Debug|Any CPU
		{31299CCD-13BB-42A4-9D9E-53DD2314C4E4}.Ad-Hoc|iPhone.Build.0 = Debug|Any CPU
		{31299CCD-13BB-42A4-9D9E-53DD2314C4E4}.Ad-Hoc|iPhoneSimulator.ActiveCfg = Debug|Any CPU
		{31299CCD-13BB-42A4-9D9E-53DD2314C4E4}.Ad-Hoc|iPhoneSimulator.Build.0 = Debug|Any CPU
		{31299CCD-13BB-42A4-9D9E-53DD2314C4E4}.Ad-Hoc|x64.ActiveCfg = Debug|Any CPU
		{31299CCD-13BB-42A4-9D9E-53DD2314C4E4}.Ad-Hoc|x64.Build.0 = Debug|Any CPU
		{31299CCD-13BB-42A4-9D9E-53DD2314C4E4}.Ad-Hoc|x86.ActiveCfg = Debug|Any CPU
		{31299CCD-13BB-42A4-9D9E-53DD2314C4E4}.Ad-Hoc|x86.Build.0 = Debug|Any CPU
		{31299CCD-13BB-42A4-9D9E-53DD2314C4E4}.AppStore|Any CPU.ActiveCfg = Debug|Any CPU
		{31299CCD-13BB-42A4-9D9E-53DD2314C4E4}.AppStore|Any CPU.Build.0 = Debug|Any CPU
		{31299CCD-13BB-42A4-9D9E-53DD2314C4E4}.AppStore|ARM.ActiveCfg = Debug|Any CPU
		{31299CCD-13BB-42A4-9D9E-53DD2314C4E4}.AppStore|ARM.Build.0 = Debug|Any CPU
		{31299CCD-13BB-42A4-9D9E-53DD2314C4E4}.AppStore|iPhone.ActiveCfg = Debug|Any CPU
		{31299CCD-13BB-42A4-9D9E-53DD2314C4E4}.AppStore|iPhone.Build.0 = Debug|Any CPU
		{31299CCD-13BB-42A4-9D9E-53DD2314C4E4}.AppStore|iPhoneSimulator.ActiveCfg = Debug|Any CPU
		{31299CCD-13BB-42A4-9D9E-53DD2314C4E4}.AppStore|iPhoneSimulator.Build.0 = Debug|Any CPU
		{31299CCD-13BB-42A4-9D9E-53DD2314C4E4}.AppStore|x64.ActiveCfg = Debug|Any CPU
		{31299CCD-13BB-42A4-9D9E-53DD2314C4E4}.AppStore|x64.Build.0 = Debug|Any CPU
		{31299CCD-13BB-42A4-9D9E-53DD2314C4E4}.AppStore|x86.ActiveCfg = Debug|Any CPU
		{31299CCD-13BB-42A4-9D9E-53DD2314C4E4}.AppStore|x86.Build.0 = Debug|Any CPU
		{31299CCD-13BB-42A4-9D9E-53DD2314C4E4}.Debug|Any CPU.ActiveCfg = Debug|Any CPU
		{31299CCD-13BB-42A4-9D9E-53DD2314C4E4}.Debug|Any CPU.Build.0 = Debug|Any CPU
		{31299CCD-13BB-42A4-9D9E-53DD2314C4E4}.Debug|ARM.ActiveCfg = Debug|Any CPU
		{31299CCD-13BB-42A4-9D9E-53DD2314C4E4}.Debug|ARM.Build.0 = Debug|Any CPU
		{31299CCD-13BB-42A4-9D9E-53DD2314C4E4}.Debug|iPhone.ActiveCfg = Debug|Any CPU
		{31299CCD-13BB-42A4-9D9E-53DD2314C4E4}.Debug|iPhone.Build.0 = Debug|Any CPU
		{31299CCD-13BB-42A4-9D9E-53DD2314C4E4}.Debug|iPhoneSimulator.ActiveCfg = Debug|Any CPU
		{31299CCD-13BB-42A4-9D9E-53DD2314C4E4}.Debug|iPhoneSimulator.Build.0 = Debug|Any CPU
		{31299CCD-13BB-42A4-9D9E-53DD2314C4E4}.Debug|x64.ActiveCfg = Debug|Any CPU
		{31299CCD-13BB-42A4-9D9E-53DD2314C4E4}.Debug|x64.Build.0 = Debug|Any CPU
		{31299CCD-13BB-42A4-9D9E-53DD2314C4E4}.Debug|x86.ActiveCfg = Debug|Any CPU
		{31299CCD-13BB-42A4-9D9E-53DD2314C4E4}.Debug|x86.Build.0 = Debug|Any CPU
		{31299CCD-13BB-42A4-9D9E-53DD2314C4E4}.Release|Any CPU.ActiveCfg = Debug|Any CPU
		{31299CCD-13BB-42A4-9D9E-53DD2314C4E4}.Release|Any CPU.Build.0 = Debug|Any CPU
		{31299CCD-13BB-42A4-9D9E-53DD2314C4E4}.Release|ARM.ActiveCfg = Debug|Any CPU
		{31299CCD-13BB-42A4-9D9E-53DD2314C4E4}.Release|ARM.Build.0 = Debug|Any CPU
		{31299CCD-13BB-42A4-9D9E-53DD2314C4E4}.Release|iPhone.ActiveCfg = Debug|Any CPU
		{31299CCD-13BB-42A4-9D9E-53DD2314C4E4}.Release|iPhone.Build.0 = Debug|Any CPU
		{31299CCD-13BB-42A4-9D9E-53DD2314C4E4}.Release|iPhoneSimulator.ActiveCfg = Debug|Any CPU
		{31299CCD-13BB-42A4-9D9E-53DD2314C4E4}.Release|iPhoneSimulator.Build.0 = Debug|Any CPU
		{31299CCD-13BB-42A4-9D9E-53DD2314C4E4}.Release|x64.ActiveCfg = Debug|Any CPU
		{31299CCD-13BB-42A4-9D9E-53DD2314C4E4}.Release|x64.Build.0 = Debug|Any CPU
		{31299CCD-13BB-42A4-9D9E-53DD2314C4E4}.Release|x86.ActiveCfg = Debug|Any CPU
		{31299CCD-13BB-42A4-9D9E-53DD2314C4E4}.Release|x86.Build.0 = Debug|Any CPU
		{DAFF69C1-5288-44DA-8680-E33FB599E56A}.Ad-Hoc|Any CPU.ActiveCfg = Debug|Any CPU
		{DAFF69C1-5288-44DA-8680-E33FB599E56A}.Ad-Hoc|Any CPU.Build.0 = Debug|Any CPU
		{DAFF69C1-5288-44DA-8680-E33FB599E56A}.Ad-Hoc|ARM.ActiveCfg = Debug|Any CPU
		{DAFF69C1-5288-44DA-8680-E33FB599E56A}.Ad-Hoc|ARM.Build.0 = Debug|Any CPU
		{DAFF69C1-5288-44DA-8680-E33FB599E56A}.Ad-Hoc|iPhone.ActiveCfg = Debug|Any CPU
		{DAFF69C1-5288-44DA-8680-E33FB599E56A}.Ad-Hoc|iPhone.Build.0 = Debug|Any CPU
		{DAFF69C1-5288-44DA-8680-E33FB599E56A}.Ad-Hoc|iPhoneSimulator.ActiveCfg = Debug|Any CPU
		{DAFF69C1-5288-44DA-8680-E33FB599E56A}.Ad-Hoc|iPhoneSimulator.Build.0 = Debug|Any CPU
		{DAFF69C1-5288-44DA-8680-E33FB599E56A}.Ad-Hoc|x64.ActiveCfg = Debug|Any CPU
		{DAFF69C1-5288-44DA-8680-E33FB599E56A}.Ad-Hoc|x64.Build.0 = Debug|Any CPU
		{DAFF69C1-5288-44DA-8680-E33FB599E56A}.Ad-Hoc|x86.ActiveCfg = Debug|Any CPU
		{DAFF69C1-5288-44DA-8680-E33FB599E56A}.Ad-Hoc|x86.Build.0 = Debug|Any CPU
		{DAFF69C1-5288-44DA-8680-E33FB599E56A}.AppStore|Any CPU.ActiveCfg = Debug|Any CPU
		{DAFF69C1-5288-44DA-8680-E33FB599E56A}.AppStore|Any CPU.Build.0 = Debug|Any CPU
		{DAFF69C1-5288-44DA-8680-E33FB599E56A}.AppStore|ARM.ActiveCfg = Debug|Any CPU
		{DAFF69C1-5288-44DA-8680-E33FB599E56A}.AppStore|ARM.Build.0 = Debug|Any CPU
		{DAFF69C1-5288-44DA-8680-E33FB599E56A}.AppStore|iPhone.ActiveCfg = Debug|Any CPU
		{DAFF69C1-5288-44DA-8680-E33FB599E56A}.AppStore|iPhone.Build.0 = Debug|Any CPU
		{DAFF69C1-5288-44DA-8680-E33FB599E56A}.AppStore|iPhoneSimulator.ActiveCfg = Debug|Any CPU
		{DAFF69C1-5288-44DA-8680-E33FB599E56A}.AppStore|iPhoneSimulator.Build.0 = Debug|Any CPU
		{DAFF69C1-5288-44DA-8680-E33FB599E56A}.AppStore|x64.ActiveCfg = Debug|Any CPU
		{DAFF69C1-5288-44DA-8680-E33FB599E56A}.AppStore|x64.Build.0 = Debug|Any CPU
		{DAFF69C1-5288-44DA-8680-E33FB599E56A}.AppStore|x86.ActiveCfg = Debug|Any CPU
		{DAFF69C1-5288-44DA-8680-E33FB599E56A}.AppStore|x86.Build.0 = Debug|Any CPU
		{DAFF69C1-5288-44DA-8680-E33FB599E56A}.Debug|Any CPU.ActiveCfg = Debug|Any CPU
		{DAFF69C1-5288-44DA-8680-E33FB599E56A}.Debug|Any CPU.Build.0 = Debug|Any CPU
		{DAFF69C1-5288-44DA-8680-E33FB599E56A}.Debug|ARM.ActiveCfg = Debug|Any CPU
		{DAFF69C1-5288-44DA-8680-E33FB599E56A}.Debug|ARM.Build.0 = Debug|Any CPU
		{DAFF69C1-5288-44DA-8680-E33FB599E56A}.Debug|iPhone.ActiveCfg = Debug|Any CPU
		{DAFF69C1-5288-44DA-8680-E33FB599E56A}.Debug|iPhone.Build.0 = Debug|Any CPU
		{DAFF69C1-5288-44DA-8680-E33FB599E56A}.Debug|iPhoneSimulator.ActiveCfg = Debug|Any CPU
		{DAFF69C1-5288-44DA-8680-E33FB599E56A}.Debug|iPhoneSimulator.Build.0 = Debug|Any CPU
		{DAFF69C1-5288-44DA-8680-E33FB599E56A}.Debug|x64.ActiveCfg = Debug|Any CPU
		{DAFF69C1-5288-44DA-8680-E33FB599E56A}.Debug|x64.Build.0 = Debug|Any CPU
		{DAFF69C1-5288-44DA-8680-E33FB599E56A}.Debug|x86.ActiveCfg = Debug|Any CPU
		{DAFF69C1-5288-44DA-8680-E33FB599E56A}.Debug|x86.Build.0 = Debug|Any CPU
		{DAFF69C1-5288-44DA-8680-E33FB599E56A}.Release|Any CPU.ActiveCfg = Release|Any CPU
		{DAFF69C1-5288-44DA-8680-E33FB599E56A}.Release|Any CPU.Build.0 = Release|Any CPU
		{DAFF69C1-5288-44DA-8680-E33FB599E56A}.Release|ARM.ActiveCfg = Release|Any CPU
		{DAFF69C1-5288-44DA-8680-E33FB599E56A}.Release|ARM.Build.0 = Release|Any CPU
		{DAFF69C1-5288-44DA-8680-E33FB599E56A}.Release|iPhone.ActiveCfg = Release|Any CPU
		{DAFF69C1-5288-44DA-8680-E33FB599E56A}.Release|iPhone.Build.0 = Release|Any CPU
		{DAFF69C1-5288-44DA-8680-E33FB599E56A}.Release|iPhoneSimulator.ActiveCfg = Release|Any CPU
		{DAFF69C1-5288-44DA-8680-E33FB599E56A}.Release|iPhoneSimulator.Build.0 = Release|Any CPU
		{DAFF69C1-5288-44DA-8680-E33FB599E56A}.Release|x64.ActiveCfg = Release|Any CPU
		{DAFF69C1-5288-44DA-8680-E33FB599E56A}.Release|x64.Build.0 = Release|Any CPU
		{DAFF69C1-5288-44DA-8680-E33FB599E56A}.Release|x86.ActiveCfg = Release|Any CPU
		{DAFF69C1-5288-44DA-8680-E33FB599E56A}.Release|x86.Build.0 = Release|Any CPU
	EndGlobalSection
	GlobalSection(SolutionProperties) = preSolution
		HideSolutionNode = FALSE
	EndGlobalSection
	GlobalSection(ExtensibilityGlobals) = postSolution
		SolutionGuid = {05E87FAD-8165-4F00-A4FA-646EC674955F}
	EndGlobalSection
EndGlobal
